Microsoft Visual Studio Solution File, Format Version 8.00
Project("{8BC9CEB8-8B4A-11D0-8D11-00A0C91BC942}") = "ExampleCpp", "Examples\C++\ExampleCpp_vc7.vcproj", "{2CCCD17C-2C60-4784-8C95-37B2597B2F18}"
	ProjectSection(ProjectDependencies) = postProject
		{238AAC7B-E8AE-4BF3-8683-FA96A0203FD0} = {238AAC7B-E8AE-4BF3-8683-FA96A0203FD0}
		{7FB9C8B6-1983-4B04-A2C7-2F90F627B0AF} = {7FB9C8B6-1983-4B04-A2C7-2F90F627B0AF}
	EndProjectSection
EndProject
Project("{8BC9CEB8-8B4A-11D0-8D11-00A0C91BC942}") = "ExampleXllDynamic1", "Examples\xl\ExampleXllDynamic1_vc7.vcproj", "{23098765-3A5E-4598-9F1B-3E45F8230C90}"
	ProjectSection(ProjectDependencies) = postProject
		{60CA9440-286D-4BF9-BC36-7FBA5E448655} = {60CA9440-286D-4BF9-BC36-7FBA5E448655}
		{C7D99E56-35A9-46F9-BD2B-726CD3150869} = {C7D99E56-35A9-46F9-BD2B-726CD3150869}
		{7FB9C8B6-1983-4B04-A2C7-2F90F627B0AF} = {7FB9C8B6-1983-4B04-A2C7-2F90F627B0AF}
	EndProjectSection
EndProject
Project("{8BC9CEB8-8B4A-11D0-8D11-00A0C91BC942}") = "ExampleXllDynamic2", "Examples\xl\ExampleXllDynamic2_vc7.vcproj", "{DC4DE1B1-E952-4153-B3A2-79169C6E55FA}"
	ProjectSection(ProjectDependencies) = postProject
		{60CA9440-286D-4BF9-BC36-7FBA5E448655} = {60CA9440-286D-4BF9-BC36-7FBA5E448655}
		{C7D99E56-35A9-46F9-BD2B-726CD3150869} = {C7D99E56-35A9-46F9-BD2B-726CD3150869}
		{7FB9C8B6-1983-4B04-A2C7-2F90F627B0AF} = {7FB9C8B6-1983-4B04-A2C7-2F90F627B0AF}
	EndProjectSection
EndProject
Project("{8BC9CEB8-8B4A-11D0-8D11-00A0C91BC942}") = "ExampleXllStatic", "Examples\xl\ExampleXllStatic_vc7.vcproj", "{CBED43D9-77CB-423D-99E4-6A36F6E56E5C}"
	ProjectSection(ProjectDependencies) = postProject
		{60CA9440-286D-4BF9-BC36-7FBA5E448655} = {60CA9440-286D-4BF9-BC36-7FBA5E448655}
		{7FB9C8B6-1983-4B04-A2C7-2F90F627B0AF} = {7FB9C8B6-1983-4B04-A2C7-2F90F627B0AF}
		{9CD013D7-2AE8-44A9-B2D6-9EBDAAA126AE} = {9CD013D7-2AE8-44A9-B2D6-9EBDAAA126AE}
	EndProjectSection
EndProject
Project("{8BC9CEB8-8B4A-11D0-8D11-00A0C91BC942}") = "ohlib", "ohlib_vc7.vcproj", "{238AAC7B-E8AE-4BF3-8683-FA96A0203FD0}"
	ProjectSection(ProjectDependencies) = postProject
		{19C36A53-51F2-4951-9A38-CCF6A250814F} = {19C36A53-51F2-4951-9A38-CCF6A250814F}
	EndProjectSection
EndProject
Project("{8BC9CEB8-8B4A-11D0-8D11-00A0C91BC942}") = "ohxll", "ohxl\ohxll\ohxll_vc7.vcproj", "{C7D99E56-35A9-46F9-BD2B-726CD3150869}"
	ProjectSection(ProjectDependencies) = postProject
		{60CA9440-286D-4BF9-BC36-7FBA5E448655} = {60CA9440-286D-4BF9-BC36-7FBA5E448655}
		{19C36A53-51F2-4951-9A38-CCF6A250814F} = {19C36A53-51F2-4951-9A38-CCF6A250814F}
	EndProjectSection
EndProject
Project("{8BC9CEB8-8B4A-11D0-8D11-00A0C91BC942}") = "ohxllib", "ohxl\ohxllib\ohxllib_vc7.vcproj", "{9CD013D7-2AE8-44A9-B2D6-9EBDAAA126AE}"
	ProjectSection(ProjectDependencies) = postProject
		{60CA9440-286D-4BF9-BC36-7FBA5E448655} = {60CA9440-286D-4BF9-BC36-7FBA5E448655}
		{19C36A53-51F2-4951-9A38-CCF6A250814F} = {19C36A53-51F2-4951-9A38-CCF6A250814F}
	EndProjectSection
EndProject
Project("{8BC9CEB8-8B4A-11D0-8D11-00A0C91BC942}") = "xlsdk", "xlsdk\xlsdk_vc7.vcproj", "{60CA9440-286D-4BF9-BC36-7FBA5E448655}"
	ProjectSection(ProjectDependencies) = postProject
	EndProjectSection
EndProject
Project("{8BC9CEB8-8B4A-11D0-8D11-00A0C91BC942}") = "docs", "Docs\docs_vc7.vcproj", "{8CC19C10-6F1F-40AA-ADBF-12FDF6ED36A2}"
	ProjectSection(ProjectDependencies) = postProject
	EndProjectSection
EndProject
Project("{8BC9CEB8-8B4A-11D0-8D11-00A0C91BC942}") = "ohgensrc", "gensrc\ohgensrc_vc7.vcproj", "{19C36A53-51F2-4951-9A38-CCF6A250814F}"
	ProjectSection(ProjectDependencies) = postProject
	EndProjectSection
EndProject
Project("{8BC9CEB8-8B4A-11D0-8D11-00A0C91BC942}") = "ExampleObjects", "Examples\ExampleObjects\ExampleObjects_vc7.vcproj", "{7FB9C8B6-1983-4B04-A2C7-2F90F627B0AF}"
	ProjectSection(ProjectDependencies) = postProject
	EndProjectSection
EndProject
Global
	GlobalSection(SolutionConfiguration) = preSolution
		All = All
		Debug = Debug
		Debug CRTDLL = Debug CRTDLL
		Debug SingleThread = Debug SingleThread
		Release = Release
		Release CRTDLL = Release CRTDLL
		Release SingleThread = Release SingleThread
	EndGlobalSection
	GlobalSection(ProjectDependencies) = postSolution
	EndGlobalSection
	GlobalSection(ProjectConfiguration) = postSolution
		{2CCCD17C-2C60-4784-8C95-37B2597B2F18}.All.ActiveCfg = Debug CRTDLL|Win32
		{2CCCD17C-2C60-4784-8C95-37B2597B2F18}.All.Build.0 = Debug CRTDLL|Win32
		{2CCCD17C-2C60-4784-8C95-37B2597B2F18}.Debug.ActiveCfg = Debug|Win32
		{2CCCD17C-2C60-4784-8C95-37B2597B2F18}.Debug.Build.0 = Debug|Win32
		{2CCCD17C-2C60-4784-8C95-37B2597B2F18}.Debug CRTDLL.ActiveCfg = Debug CRTDLL|Win32
		{2CCCD17C-2C60-4784-8C95-37B2597B2F18}.Debug CRTDLL.Build.0 = Debug CRTDLL|Win32
		{2CCCD17C-2C60-4784-8C95-37B2597B2F18}.Debug SingleThread.ActiveCfg = Debug SingleThread|Win32
		{2CCCD17C-2C60-4784-8C95-37B2597B2F18}.Debug SingleThread.Build.0 = Debug SingleThread|Win32
		{2CCCD17C-2C60-4784-8C95-37B2597B2F18}.Release.ActiveCfg = Release|Win32
		{2CCCD17C-2C60-4784-8C95-37B2597B2F18}.Release.Build.0 = Release|Win32
		{2CCCD17C-2C60-4784-8C95-37B2597B2F18}.Release CRTDLL.ActiveCfg = Release CRTDLL|Win32
		{2CCCD17C-2C60-4784-8C95-37B2597B2F18}.Release CRTDLL.Build.0 = Release CRTDLL|Win32
		{2CCCD17C-2C60-4784-8C95-37B2597B2F18}.Release SingleThread.ActiveCfg = Release SingleThread|Win32
		{2CCCD17C-2C60-4784-8C95-37B2597B2F18}.Release SingleThread.Build.0 = Release SingleThread|Win32
		{23098765-3A5E-4598-9F1B-3E45F8230C90}.All.ActiveCfg = Debug CRTDLL|Win32
		{23098765-3A5E-4598-9F1B-3E45F8230C90}.All.Build.0 = Debug CRTDLL|Win32
		{23098765-3A5E-4598-9F1B-3E45F8230C90}.Debug.ActiveCfg = Debug CRTDLL|Win32
		{23098765-3A5E-4598-9F1B-3E45F8230C90}.Debug CRTDLL.ActiveCfg = Debug CRTDLL|Win32
		{23098765-3A5E-4598-9F1B-3E45F8230C90}.Debug CRTDLL.Build.0 = Debug CRTDLL|Win32
		{23098765-3A5E-4598-9F1B-3E45F8230C90}.Debug SingleThread.ActiveCfg = Debug CRTDLL|Win32
		{23098765-3A5E-4598-9F1B-3E45F8230C90}.Release.ActiveCfg = Release CRTDLL|Win32
		{23098765-3A5E-4598-9F1B-3E45F8230C90}.Release CRTDLL.ActiveCfg = Release CRTDLL|Win32
		{23098765-3A5E-4598-9F1B-3E45F8230C90}.Release CRTDLL.Build.0 = Release CRTDLL|Win32
		{23098765-3A5E-4598-9F1B-3E45F8230C90}.Release SingleThread.ActiveCfg = Release CRTDLL|Win32
		{DC4DE1B1-E952-4153-B3A2-79169C6E55FA}.All.ActiveCfg = Release CRTDLL|Win32
		{DC4DE1B1-E952-4153-B3A2-79169C6E55FA}.All.Build.0 = Release CRTDLL|Win32
		{DC4DE1B1-E952-4153-B3A2-79169C6E55FA}.Debug.ActiveCfg = Debug CRTDLL|Win32
		{DC4DE1B1-E952-4153-B3A2-79169C6E55FA}.Debug CRTDLL.ActiveCfg = Debug CRTDLL|Win32
		{DC4DE1B1-E952-4153-B3A2-79169C6E55FA}.Debug CRTDLL.Build.0 = Debug CRTDLL|Win32
		{DC4DE1B1-E952-4153-B3A2-79169C6E55FA}.Debug SingleThread.ActiveCfg = Debug CRTDLL|Win32
		{DC4DE1B1-E952-4153-B3A2-79169C6E55FA}.Release.ActiveCfg = Release CRTDLL|Win32
		{DC4DE1B1-E952-4153-B3A2-79169C6E55FA}.Release CRTDLL.ActiveCfg = Release CRTDLL|Win32
		{DC4DE1B1-E952-4153-B3A2-79169C6E55FA}.Release CRTDLL.Build.0 = Release CRTDLL|Win32
		{DC4DE1B1-E952-4153-B3A2-79169C6E55FA}.Release SingleThread.ActiveCfg = Release CRTDLL|Win32
		{CBED43D9-77CB-423D-99E4-6A36F6E56E5C}.All.ActiveCfg = Debug CRTDLL|Win32
		{CBED43D9-77CB-423D-99E4-6A36F6E56E5C}.All.Build.0 = Debug CRTDLL|Win32
		{CBED43D9-77CB-423D-99E4-6A36F6E56E5C}.Debug.ActiveCfg = Debug|Win32
		{CBED43D9-77CB-423D-99E4-6A36F6E56E5C}.Debug.Build.0 = Debug|Win32
		{CBED43D9-77CB-423D-99E4-6A36F6E56E5C}.Debug CRTDLL.ActiveCfg = Debug CRTDLL|Win32
		{CBED43D9-77CB-423D-99E4-6A36F6E56E5C}.Debug CRTDLL.Build.0 = Debug CRTDLL|Win32
		{CBED43D9-77CB-423D-99E4-6A36F6E56E5C}.Debug SingleThread.ActiveCfg = Debug SingleThread|Win32
		{CBED43D9-77CB-423D-99E4-6A36F6E56E5C}.Debug SingleThread.Build.0 = Debug SingleThread|Win32
		{CBED43D9-77CB-423D-99E4-6A36F6E56E5C}.Release.ActiveCfg = Release|Win32
		{CBED43D9-77CB-423D-99E4-6A36F6E56E5C}.Release.Build.0 = Release|Win32
		{CBED43D9-77CB-423D-99E4-6A36F6E56E5C}.Release CRTDLL.ActiveCfg = Release CRTDLL|Win32
		{CBED43D9-77CB-423D-99E4-6A36F6E56E5C}.Release CRTDLL.Build.0 = Release CRTDLL|Win32
		{CBED43D9-77CB-423D-99E4-6A36F6E56E5C}.Release SingleThread.ActiveCfg = Release SingleThread|Win32
		{CBED43D9-77CB-423D-99E4-6A36F6E56E5C}.Release SingleThread.Build.0 = Release SingleThread|Win32
		{238AAC7B-E8AE-4BF3-8683-FA96A0203FD0}.All.ActiveCfg = Debug CRTDLL|Win32
		{238AAC7B-E8AE-4BF3-8683-FA96A0203FD0}.All.Build.0 = Debug CRTDLL|Win32
		{238AAC7B-E8AE-4BF3-8683-FA96A0203FD0}.Debug.ActiveCfg = Debug|Win32
		{238AAC7B-E8AE-4BF3-8683-FA96A0203FD0}.Debug.Build.0 = Debug|Win32
		{238AAC7B-E8AE-4BF3-8683-FA96A0203FD0}.Debug CRTDLL.ActiveCfg = Debug CRTDLL|Win32
		{238AAC7B-E8AE-4BF3-8683-FA96A0203FD0}.Debug CRTDLL.Build.0 = Debug CRTDLL|Win32
		{238AAC7B-E8AE-4BF3-8683-FA96A0203FD0}.Debug SingleThread.ActiveCfg = Debug SingleThread|Win32
		{238AAC7B-E8AE-4BF3-8683-FA96A0203FD0}.Debug SingleThread.Build.0 = Debug SingleThread|Win32
		{238AAC7B-E8AE-4BF3-8683-FA96A0203FD0}.Release.ActiveCfg = Release|Win32
		{238AAC7B-E8AE-4BF3-8683-FA96A0203FD0}.Release.Build.0 = Release|Win32
		{238AAC7B-E8AE-4BF3-8683-FA96A0203FD0}.Release CRTDLL.ActiveCfg = Release CRTDLL|Win32
		{238AAC7B-E8AE-4BF3-8683-FA96A0203FD0}.Release CRTDLL.Build.0 = Release CRTDLL|Win32
		{238AAC7B-E8AE-4BF3-8683-FA96A0203FD0}.Release SingleThread.ActiveCfg = Release SingleThread|Win32
		{238AAC7B-E8AE-4BF3-8683-FA96A0203FD0}.Release SingleThread.Build.0 = Release SingleThread|Win32
		{C7D99E56-35A9-46F9-BD2B-726CD3150869}.All.ActiveCfg = Release CRTDLL|Win32
		{C7D99E56-35A9-46F9-BD2B-726CD3150869}.All.Build.0 = Release CRTDLL|Win32
		{C7D99E56-35A9-46F9-BD2B-726CD3150869}.Debug.ActiveCfg = Debug CRTDLL|Win32
		{C7D99E56-35A9-46F9-BD2B-726CD3150869}.Debug CRTDLL.ActiveCfg = Debug CRTDLL|Win32
		{C7D99E56-35A9-46F9-BD2B-726CD3150869}.Debug CRTDLL.Build.0 = Debug CRTDLL|Win32
		{C7D99E56-35A9-46F9-BD2B-726CD3150869}.Debug SingleThread.ActiveCfg = Debug CRTDLL|Win32
		{C7D99E56-35A9-46F9-BD2B-726CD3150869}.Release.ActiveCfg = Release CRTDLL|Win32
		{C7D99E56-35A9-46F9-BD2B-726CD3150869}.Release CRTDLL.ActiveCfg = Release CRTDLL|Win32
		{C7D99E56-35A9-46F9-BD2B-726CD3150869}.Release CRTDLL.Build.0 = Release CRTDLL|Win32
		{C7D99E56-35A9-46F9-BD2B-726CD3150869}.Release SingleThread.ActiveCfg = Release CRTDLL|Win32
		{9CD013D7-2AE8-44A9-B2D6-9EBDAAA126AE}.All.ActiveCfg = Debug SingleThread|Win32
		{9CD013D7-2AE8-44A9-B2D6-9EBDAAA126AE}.All.Build.0 = Debug SingleThread|Win32
		{9CD013D7-2AE8-44A9-B2D6-9EBDAAA126AE}.Debug.ActiveCfg = Debug|Win32
		{9CD013D7-2AE8-44A9-B2D6-9EBDAAA126AE}.Debug.Build.0 = Debug|Win32
		{9CD013D7-2AE8-44A9-B2D6-9EBDAAA126AE}.Debug CRTDLL.ActiveCfg = Debug CRTDLL|Win32
		{9CD013D7-2AE8-44A9-B2D6-9EBDAAA126AE}.Debug CRTDLL.Build.0 = Debug CRTDLL|Win32
		{9CD013D7-2AE8-44A9-B2D6-9EBDAAA126AE}.Debug SingleThread.ActiveCfg = Debug SingleThread|Win32
		{9CD013D7-2AE8-44A9-B2D6-9EBDAAA126AE}.Debug SingleThread.Build.0 = Debug SingleThread|Win32
		{9CD013D7-2AE8-44A9-B2D6-9EBDAAA126AE}.Release.ActiveCfg = Release|Win32
		{9CD013D7-2AE8-44A9-B2D6-9EBDAAA126AE}.Release.Build.0 = Release|Win32
		{9CD013D7-2AE8-44A9-B2D6-9EBDAAA126AE}.Release CRTDLL.ActiveCfg = Release CRTDLL|Win32
		{9CD013D7-2AE8-44A9-B2D6-9EBDAAA126AE}.Release CRTDLL.Build.0 = Release CRTDLL|Win32
		{9CD013D7-2AE8-44A9-B2D6-9EBDAAA126AE}.Release SingleThread.ActiveCfg = Release SingleThread|Win32
		{9CD013D7-2AE8-44A9-B2D6-9EBDAAA126AE}.Release SingleThread.Build.0 = Release SingleThread|Win32
		{60CA9440-286D-4BF9-BC36-7FBA5E448655}.All.ActiveCfg = Debug CRTDLL|Win32
		{60CA9440-286D-4BF9-BC36-7FBA5E448655}.All.Build.0 = Debug CRTDLL|Win32
		{60CA9440-286D-4BF9-BC36-7FBA5E448655}.Debug.ActiveCfg = Debug|Win32
		{60CA9440-286D-4BF9-BC36-7FBA5E448655}.Debug.Build.0 = Debug|Win32
		{60CA9440-286D-4BF9-BC36-7FBA5E448655}.Debug CRTDLL.ActiveCfg = Debug CRTDLL|Win32
		{60CA9440-286D-4BF9-BC36-7FBA5E448655}.Debug CRTDLL.Build.0 = Debug CRTDLL|Win32
		{60CA9440-286D-4BF9-BC36-7FBA5E448655}.Debug SingleThread.ActiveCfg = Debug SingleThread|Win32
		{60CA9440-286D-4BF9-BC36-7FBA5E448655}.Debug SingleThread.Build.0 = Debug SingleThread|Win32
		{60CA9440-286D-4BF9-BC36-7FBA5E448655}.Release.ActiveCfg = Release|Win32
		{60CA9440-286D-4BF9-BC36-7FBA5E448655}.Release.Build.0 = Release|Win32
		{60CA9440-286D-4BF9-BC36-7FBA5E448655}.Release CRTDLL.ActiveCfg = Release CRTDLL|Win32
		{60CA9440-286D-4BF9-BC36-7FBA5E448655}.Release CRTDLL.Build.0 = Release CRTDLL|Win32
		{60CA9440-286D-4BF9-BC36-7FBA5E448655}.Release SingleThread.ActiveCfg = Release SingleThread|Win32
		{60CA9440-286D-4BF9-BC36-7FBA5E448655}.Release SingleThread.Build.0 = Release SingleThread|Win32
		{8CC19C10-6F1F-40AA-ADBF-12FDF6ED36A2}.All.ActiveCfg = All|Win32
		{8CC19C10-6F1F-40AA-ADBF-12FDF6ED36A2}.All.Build.0 = All|Win32
		{8CC19C10-6F1F-40AA-ADBF-12FDF6ED36A2}.Debug.ActiveCfg = All|Win32
		{8CC19C10-6F1F-40AA-ADBF-12FDF6ED36A2}.Debug.Build.0 = All|Win32
		{8CC19C10-6F1F-40AA-ADBF-12FDF6ED36A2}.Debug CRTDLL.ActiveCfg = All|Win32
		{8CC19C10-6F1F-40AA-ADBF-12FDF6ED36A2}.Debug CRTDLL.Build.0 = All|Win32
		{8CC19C10-6F1F-40AA-ADBF-12FDF6ED36A2}.Debug SingleThread.ActiveCfg = All|Win32
		{8CC19C10-6F1F-40AA-ADBF-12FDF6ED36A2}.Debug SingleThread.Build.0 = All|Win32
		{8CC19C10-6F1F-40AA-ADBF-12FDF6ED36A2}.Release.ActiveCfg = All|Win32
		{8CC19C10-6F1F-40AA-ADBF-12FDF6ED36A2}.Release.Build.0 = All|Win32
		{8CC19C10-6F1F-40AA-ADBF-12FDF6ED36A2}.Release CRTDLL.ActiveCfg = All|Win32
		{8CC19C10-6F1F-40AA-ADBF-12FDF6ED36A2}.Release CRTDLL.Build.0 = All|Win32
		{8CC19C10-6F1F-40AA-ADBF-12FDF6ED36A2}.Release SingleThread.ActiveCfg = All|Win32
		{8CC19C10-6F1F-40AA-ADBF-12FDF6ED36A2}.Release SingleThread.Build.0 = All|Win32
		{19C36A53-51F2-4951-9A38-CCF6A250814F}.All.ActiveCfg = All|Win32
		{19C36A53-51F2-4951-9A38-CCF6A250814F}.All.Build.0 = All|Win32
		{19C36A53-51F2-4951-9A38-CCF6A250814F}.Debug.ActiveCfg = All|Win32
		{19C36A53-51F2-4951-9A38-CCF6A250814F}.Debug.Build.0 = All|Win32
		{19C36A53-51F2-4951-9A38-CCF6A250814F}.Debug CRTDLL.ActiveCfg = All|Win32
		{19C36A53-51F2-4951-9A38-CCF6A250814F}.Debug CRTDLL.Build.0 = All|Win32
		{19C36A53-51F2-4951-9A38-CCF6A250814F}.Debug SingleThread.ActiveCfg = All|Win32
		{19C36A53-51F2-4951-9A38-CCF6A250814F}.Debug SingleThread.Build.0 = All|Win32
		{19C36A53-51F2-4951-9A38-CCF6A250814F}.Release.ActiveCfg = All|Win32
		{19C36A53-51F2-4951-9A38-CCF6A250814F}.Release.Build.0 = All|Win32
		{19C36A53-51F2-4951-9A38-CCF6A250814F}.Release CRTDLL.ActiveCfg = All|Win32
		{19C36A53-51F2-4951-9A38-CCF6A250814F}.Release CRTDLL.Build.0 = All|Win32
		{19C36A53-51F2-4951-9A38-CCF6A250814F}.Release SingleThread.ActiveCfg = All|Win32
		{19C36A53-51F2-4951-9A38-CCF6A250814F}.Release SingleThread.Build.0 = All|Win32
		{7FB9C8B6-1983-4B04-A2C7-2F90F627B0AF}.All.ActiveCfg = Release|Win32
		{7FB9C8B6-1983-4B04-A2C7-2F90F627B0AF}.All.Build.0 = Release|Win32
		{7FB9C8B6-1983-4B04-A2C7-2F90F627B0AF}.Debug.ActiveCfg = Debug|Win32
		{7FB9C8B6-1983-4B04-A2C7-2F90F627B0AF}.Debug.Build.0 = Debug|Win32
		{7FB9C8B6-1983-4B04-A2C7-2F90F627B0AF}.Debug CRTDLL.ActiveCfg = Debug CRTDLL|Win32
		{7FB9C8B6-1983-4B04-A2C7-2F90F627B0AF}.Debug CRTDLL.Build.0 = Debug CRTDLL|Win32
		{7FB9C8B6-1983-4B04-A2C7-2F90F627B0AF}.Debug SingleThread.ActiveCfg = Debug SingleThread|Win32
		{7FB9C8B6-1983-4B04-A2C7-2F90F627B0AF}.Debug SingleThread.Build.0 = Debug SingleThread|Win32
		{7FB9C8B6-1983-4B04-A2C7-2F90F627B0AF}.Release.ActiveCfg = Release|Win32
		{7FB9C8B6-1983-4B04-A2C7-2F90F627B0AF}.Release.Build.0 = Release|Win32
		{7FB9C8B6-1983-4B04-A2C7-2F90F627B0AF}.Release CRTDLL.ActiveCfg = Release CRTDLL|Win32
		{7FB9C8B6-1983-4B04-A2C7-2F90F627B0AF}.Release CRTDLL.Build.0 = Release CRTDLL|Win32
		{7FB9C8B6-1983-4B04-A2C7-2F90F627B0AF}.Release SingleThread.ActiveCfg = Release SingleThread|Win32
		{7FB9C8B6-1983-4B04-A2C7-2F90F627B0AF}.Release SingleThread.Build.0 = Release SingleThread|Win32
	EndGlobalSection
	GlobalSection(ExtensibilityGlobals) = postSolution
	EndGlobalSection
	GlobalSection(ExtensibilityAddIns) = postSolution
	EndGlobalSection
EndGlobal
