
Microsoft Visual Studio Solution File, Format Version 9.00
# Visual Studio 2005
Project("{8BC9CEB8-8B4A-11D0-8D11-00A0C91BC942}") = "static", "..\log4cxx\msvc\static\static_vc8.vcproj", "{495708AC-96C6-41E5-AD66-4AFD16C27A21}"
EndProject
Project("{8BC9CEB8-8B4A-11D0-8D11-00A0C91BC942}") = "ohxll", "..\ObjectHandler\ohxl\ohxll\ohxll_vc8.vcproj", "{04D7369F-47BC-46B0-A374-41635A9656D8}"
	ProjectSection(ProjectDependencies) = postProject
		{495708AC-96C6-41E5-AD66-4AFD16C27A21} = {495708AC-96C6-41E5-AD66-4AFD16C27A21}
		{4BD77A1E-AAE9-47A4-81FE-2308E5A460AF} = {4BD77A1E-AAE9-47A4-81FE-2308E5A460AF}
	EndProjectSection
EndProject
Project("{8BC9CEB8-8B4A-11D0-8D11-00A0C91BC942}") = "QuantLib", "..\QuantLib\QuantLib_vc8.vcproj", "{AD0A27DA-91DA-46A2-ACBD-296C419ED3AA}"
EndProject
Project("{8BC9CEB8-8B4A-11D0-8D11-00A0C91BC942}") = "QuantLibObjects", "..\QuantLibAddin\QuantLibObjects_vc8.vcproj", "{CAB8330C-6424-4455-9285-3654587EF71F}"
EndProject
Project("{8BC9CEB8-8B4A-11D0-8D11-00A0C91BC942}") = "QuantLibXLDynamic", "qlxl\QuantLibXLDynamic_vc8.vcproj", "{0D4D2F44-4491-4412-9782-A9F6D5ACB5E4}"
	ProjectSection(ProjectDependencies) = postProject
		{04D7369F-47BC-46B0-A374-41635A9656D8} = {04D7369F-47BC-46B0-A374-41635A9656D8}
		{4BD77A1E-AAE9-47A4-81FE-2308E5A460AF} = {4BD77A1E-AAE9-47A4-81FE-2308E5A460AF}
		{CAB8330C-6424-4455-9285-3654587EF71F} = {CAB8330C-6424-4455-9285-3654587EF71F}
	EndProjectSection
EndProject
Project("{8BC9CEB8-8B4A-11D0-8D11-00A0C91BC942}") = "xlsdk", "..\ObjectHandler\xlsdk\xlsdk_vc8.vcproj", "{4BD77A1E-AAE9-47A4-81FE-2308E5A460AF}"
EndProject
Project("{8BC9CEB8-8B4A-11D0-8D11-00A0C91BC942}") = "ohlib", "..\ObjectHandler\ohlib_vc8.vcproj", "{CD623FE5-3B3E-4511-80A9-A99D893349A4}"
EndProject
Global
	GlobalSection(SolutionConfigurationPlatforms) = preSolution
		Debug CRTDLL|Win32 = Debug CRTDLL|Win32
		Debug|Win32 = Debug|Win32
		Release CRTDLL|Win32 = Release CRTDLL|Win32
		Release|Win32 = Release|Win32
		Unicode Debug|Win32 = Unicode Debug|Win32
		Unicode Release|Win32 = Unicode Release|Win32
	EndGlobalSection
	GlobalSection(ProjectConfigurationPlatforms) = postSolution
		{495708AC-96C6-41E5-AD66-4AFD16C27A21}.Debug CRTDLL|Win32.ActiveCfg = Debug CRTDLL|Win32
		{495708AC-96C6-41E5-AD66-4AFD16C27A21}.Debug CRTDLL|Win32.Build.0 = Debug CRTDLL|Win32
		{495708AC-96C6-41E5-AD66-4AFD16C27A21}.Debug|Win32.ActiveCfg = Debug|Win32
		{495708AC-96C6-41E5-AD66-4AFD16C27A21}.Debug|Win32.Build.0 = Debug|Win32
		{495708AC-96C6-41E5-AD66-4AFD16C27A21}.Release CRTDLL|Win32.ActiveCfg = Release CRTDLL|Win32
		{495708AC-96C6-41E5-AD66-4AFD16C27A21}.Release CRTDLL|Win32.Build.0 = Release CRTDLL|Win32
		{495708AC-96C6-41E5-AD66-4AFD16C27A21}.Release|Win32.ActiveCfg = Release|Win32
		{495708AC-96C6-41E5-AD66-4AFD16C27A21}.Release|Win32.Build.0 = Release|Win32
		{495708AC-96C6-41E5-AD66-4AFD16C27A21}.Unicode Debug|Win32.ActiveCfg = Unicode Debug|Win32
		{495708AC-96C6-41E5-AD66-4AFD16C27A21}.Unicode Debug|Win32.Build.0 = Unicode Debug|Win32
		{495708AC-96C6-41E5-AD66-4AFD16C27A21}.Unicode Release|Win32.ActiveCfg = Unicode Release|Win32
		{495708AC-96C6-41E5-AD66-4AFD16C27A21}.Unicode Release|Win32.Build.0 = Unicode Release|Win32
		{04D7369F-47BC-46B0-A374-41635A9656D8}.Debug CRTDLL|Win32.ActiveCfg = Debug CRTDLL|Win32
		{04D7369F-47BC-46B0-A374-41635A9656D8}.Debug CRTDLL|Win32.Build.0 = Debug CRTDLL|Win32
		{04D7369F-47BC-46B0-A374-41635A9656D8}.Debug|Win32.ActiveCfg = Debug CRTDLL|Win32
		{04D7369F-47BC-46B0-A374-41635A9656D8}.Debug|Win32.Build.0 = Debug CRTDLL|Win32
		{04D7369F-47BC-46B0-A374-41635A9656D8}.Release CRTDLL|Win32.ActiveCfg = Release CRTDLL|Win32
		{04D7369F-47BC-46B0-A374-41635A9656D8}.Release CRTDLL|Win32.Build.0 = Release CRTDLL|Win32
		{04D7369F-47BC-46B0-A374-41635A9656D8}.Release|Win32.ActiveCfg = Release CRTDLL|Win32
		{04D7369F-47BC-46B0-A374-41635A9656D8}.Release|Win32.Build.0 = Release CRTDLL|Win32
		{04D7369F-47BC-46B0-A374-41635A9656D8}.Unicode Debug|Win32.ActiveCfg = Release CRTDLL|Win32
		{04D7369F-47BC-46B0-A374-41635A9656D8}.Unicode Debug|Win32.Build.0 = Release CRTDLL|Win32
		{04D7369F-47BC-46B0-A374-41635A9656D8}.Unicode Release|Win32.ActiveCfg = Release CRTDLL|Win32
		{04D7369F-47BC-46B0-A374-41635A9656D8}.Unicode Release|Win32.Build.0 = Release CRTDLL|Win32
		{AD0A27DA-91DA-46A2-ACBD-296C419ED3AA}.Debug CRTDLL|Win32.ActiveCfg = Debug CRTDLL|Win32
		{AD0A27DA-91DA-46A2-ACBD-296C419ED3AA}.Debug CRTDLL|Win32.Build.0 = Debug CRTDLL|Win32
		{AD0A27DA-91DA-46A2-ACBD-296C419ED3AA}.Debug|Win32.ActiveCfg = Debug|Win32
		{AD0A27DA-91DA-46A2-ACBD-296C419ED3AA}.Debug|Win32.Build.0 = Debug|Win32
		{AD0A27DA-91DA-46A2-ACBD-296C419ED3AA}.Release CRTDLL|Win32.ActiveCfg = Release CRTDLL|Win32
		{AD0A27DA-91DA-46A2-ACBD-296C419ED3AA}.Release CRTDLL|Win32.Build.0 = Release CRTDLL|Win32
		{AD0A27DA-91DA-46A2-ACBD-296C419ED3AA}.Release|Win32.ActiveCfg = Release|Win32
		{AD0A27DA-91DA-46A2-ACBD-296C419ED3AA}.Release|Win32.Build.0 = Release|Win32
		{AD0A27DA-91DA-46A2-ACBD-296C419ED3AA}.Unicode Debug|Win32.ActiveCfg = Debug|Win32
		{AD0A27DA-91DA-46A2-ACBD-296C419ED3AA}.Unicode Debug|Win32.Build.0 = Debug|Win32
		{AD0A27DA-91DA-46A2-ACBD-296C419ED3AA}.Unicode Release|Win32.ActiveCfg = Release|Win32
		{AD0A27DA-91DA-46A2-ACBD-296C419ED3AA}.Unicode Release|Win32.Build.0 = Release|Win32
		{CAB8330C-6424-4455-9285-3654587EF71F}.Debug CRTDLL|Win32.ActiveCfg = Debug CRTDLL|Win32
		{CAB8330C-6424-4455-9285-3654587EF71F}.Debug CRTDLL|Win32.Build.0 = Debug CRTDLL|Win32
		{CAB8330C-6424-4455-9285-3654587EF71F}.Debug|Win32.ActiveCfg = Debug|Win32
		{CAB8330C-6424-4455-9285-3654587EF71F}.Debug|Win32.Build.0 = Debug|Win32
		{CAB8330C-6424-4455-9285-3654587EF71F}.Release CRTDLL|Win32.ActiveCfg = Release CRTDLL|Win32
		{CAB8330C-6424-4455-9285-3654587EF71F}.Release CRTDLL|Win32.Build.0 = Release CRTDLL|Win32
		{CAB8330C-6424-4455-9285-3654587EF71F}.Release|Win32.ActiveCfg = Release|Win32
		{CAB8330C-6424-4455-9285-3654587EF71F}.Release|Win32.Build.0 = Release|Win32
		{CAB8330C-6424-4455-9285-3654587EF71F}.Unicode Debug|Win32.ActiveCfg = Debug|Win32
		{CAB8330C-6424-4455-9285-3654587EF71F}.Unicode Debug|Win32.Build.0 = Debug|Win32
		{CAB8330C-6424-4455-9285-3654587EF71F}.Unicode Release|Win32.ActiveCfg = Release|Win32
		{CAB8330C-6424-4455-9285-3654587EF71F}.Unicode Release|Win32.Build.0 = Release|Win32
		{0D4D2F44-4491-4412-9782-A9F6D5ACB5E4}.Debug CRTDLL|Win32.ActiveCfg = Debug CRTDLL|Win32
		{0D4D2F44-4491-4412-9782-A9F6D5ACB5E4}.Debug CRTDLL|Win32.Build.0 = Debug CRTDLL|Win32
		{0D4D2F44-4491-4412-9782-A9F6D5ACB5E4}.Debug|Win32.ActiveCfg = Debug CRTDLL|Win32
		{0D4D2F44-4491-4412-9782-A9F6D5ACB5E4}.Debug|Win32.Build.0 = Debug CRTDLL|Win32
		{0D4D2F44-4491-4412-9782-A9F6D5ACB5E4}.Release CRTDLL|Win32.ActiveCfg = Release CRTDLL|Win32
		{0D4D2F44-4491-4412-9782-A9F6D5ACB5E4}.Release CRTDLL|Win32.Build.0 = Release CRTDLL|Win32
		{0D4D2F44-4491-4412-9782-A9F6D5ACB5E4}.Release|Win32.ActiveCfg = Release CRTDLL|Win32
		{0D4D2F44-4491-4412-9782-A9F6D5ACB5E4}.Release|Win32.Build.0 = Release CRTDLL|Win32
		{0D4D2F44-4491-4412-9782-A9F6D5ACB5E4}.Unicode Debug|Win32.ActiveCfg = Release CRTDLL|Win32
		{0D4D2F44-4491-4412-9782-A9F6D5ACB5E4}.Unicode Debug|Win32.Build.0 = Release CRTDLL|Win32
		{0D4D2F44-4491-4412-9782-A9F6D5ACB5E4}.Unicode Release|Win32.ActiveCfg = Release CRTDLL|Win32
		{0D4D2F44-4491-4412-9782-A9F6D5ACB5E4}.Unicode Release|Win32.Build.0 = Release CRTDLL|Win32
		{4BD77A1E-AAE9-47A4-81FE-2308E5A460AF}.Debug CRTDLL|Win32.ActiveCfg = Debug CRTDLL|Win32
		{4BD77A1E-AAE9-47A4-81FE-2308E5A460AF}.Debug CRTDLL|Win32.Build.0 = Debug CRTDLL|Win32
		{4BD77A1E-AAE9-47A4-81FE-2308E5A460AF}.Debug|Win32.ActiveCfg = Debug|Win32
		{4BD77A1E-AAE9-47A4-81FE-2308E5A460AF}.Debug|Win32.Build.0 = Debug|Win32
		{4BD77A1E-AAE9-47A4-81FE-2308E5A460AF}.Release CRTDLL|Win32.ActiveCfg = Release CRTDLL|Win32
		{4BD77A1E-AAE9-47A4-81FE-2308E5A460AF}.Release CRTDLL|Win32.Build.0 = Release CRTDLL|Win32
		{4BD77A1E-AAE9-47A4-81FE-2308E5A460AF}.Release|Win32.ActiveCfg = Release|Win32
		{4BD77A1E-AAE9-47A4-81FE-2308E5A460AF}.Release|Win32.Build.0 = Release|Win32
		{4BD77A1E-AAE9-47A4-81FE-2308E5A460AF}.Unicode Debug|Win32.ActiveCfg = Debug|Win32
		{4BD77A1E-AAE9-47A4-81FE-2308E5A460AF}.Unicode Debug|Win32.Build.0 = Debug|Win32
		{4BD77A1E-AAE9-47A4-81FE-2308E5A460AF}.Unicode Release|Win32.ActiveCfg = Release|Win32
		{4BD77A1E-AAE9-47A4-81FE-2308E5A460AF}.Unicode Release|Win32.Build.0 = Release|Win32
		{CD623FE5-3B3E-4511-80A9-A99D893349A4}.Debug CRTDLL|Win32.ActiveCfg = Debug CRTDLL|Win32
		{CD623FE5-3B3E-4511-80A9-A99D893349A4}.Debug CRTDLL|Win32.Build.0 = Debug CRTDLL|Win32
		{CD623FE5-3B3E-4511-80A9-A99D893349A4}.Debug|Win32.ActiveCfg = Debug|Win32
		{CD623FE5-3B3E-4511-80A9-A99D893349A4}.Debug|Win32.Build.0 = Debug|Win32
		{CD623FE5-3B3E-4511-80A9-A99D893349A4}.Release CRTDLL|Win32.ActiveCfg = Release CRTDLL|Win32
		{CD623FE5-3B3E-4511-80A9-A99D893349A4}.Release CRTDLL|Win32.Build.0 = Release CRTDLL|Win32
		{CD623FE5-3B3E-4511-80A9-A99D893349A4}.Release|Win32.ActiveCfg = Release|Win32
		{CD623FE5-3B3E-4511-80A9-A99D893349A4}.Release|Win32.Build.0 = Release|Win32
		{CD623FE5-3B3E-4511-80A9-A99D893349A4}.Unicode Debug|Win32.ActiveCfg = Debug|Win32
		{CD623FE5-3B3E-4511-80A9-A99D893349A4}.Unicode Debug|Win32.Build.0 = Debug|Win32
		{CD623FE5-3B3E-4511-80A9-A99D893349A4}.Unicode Release|Win32.ActiveCfg = Release|Win32
		{CD623FE5-3B3E-4511-80A9-A99D893349A4}.Unicode Release|Win32.Build.0 = Release|Win32
	EndGlobalSection
	GlobalSection(SolutionProperties) = preSolution
		HideSolutionNode = FALSE
	EndGlobalSection
EndGlobal
