
Microsoft Visual Studio Solution File, Format Version 9.00
# Visual Studio 2005
Project("{8BC9CEB8-8B4A-11D0-8D11-00A0C91BC942}") = "QuantLibXL", "qlxl\QuantLibXL_vc8.vcproj", "{DADFEC4C-A850-4312-8146-FB9BCC19CE92}"
EndProject
Project("{8BC9CEB8-8B4A-11D0-8D11-00A0C91BC942}") = "QuantLibXLDynamic", "qlxl\QuantLibXLDynamic_vc8.vcproj", "{0D4D2F44-4491-4412-9782-A9F6D5ACB5E4}"
EndProject
Project("{8BC9CEB8-8B4A-11D0-8D11-00A0C91BC942}") = "docs-QuantLibXL", "Docs\docs-QuantLibXL_vc8.vcproj", "{A7768A12-75ED-480C-825A-BC70105281BC}"
EndProject
Global
	GlobalSection(SolutionConfigurationPlatforms) = preSolution
		Debug CRTDLL|Win32 = Debug CRTDLL|Win32
		Debug|Win32 = Debug|Win32
		Release CRTDLL|Win32 = Release CRTDLL|Win32
		Release|Win32 = Release|Win32
	EndGlobalSection
	GlobalSection(ProjectConfigurationPlatforms) = postSolution
		{DADFEC4C-A850-4312-8146-FB9BCC19CE92}.Debug CRTDLL|Win32.ActiveCfg = Debug CRTDLL|Win32
		{DADFEC4C-A850-4312-8146-FB9BCC19CE92}.Debug CRTDLL|Win32.Build.0 = Debug CRTDLL|Win32
		{DADFEC4C-A850-4312-8146-FB9BCC19CE92}.Debug|Win32.ActiveCfg = Debug|Win32
		{DADFEC4C-A850-4312-8146-FB9BCC19CE92}.Debug|Win32.Build.0 = Debug|Win32
		{DADFEC4C-A850-4312-8146-FB9BCC19CE92}.Release CRTDLL|Win32.ActiveCfg = Release CRTDLL|Win32
		{DADFEC4C-A850-4312-8146-FB9BCC19CE92}.Release CRTDLL|Win32.Build.0 = Release CRTDLL|Win32
		{DADFEC4C-A850-4312-8146-FB9BCC19CE92}.Release|Win32.ActiveCfg = Release|Win32
		{DADFEC4C-A850-4312-8146-FB9BCC19CE92}.Release|Win32.Build.0 = Release|Win32
		{0D4D2F44-4491-4412-9782-A9F6D5ACB5E4}.Debug CRTDLL|Win32.ActiveCfg = Debug CRTDLL|Win32
		{0D4D2F44-4491-4412-9782-A9F6D5ACB5E4}.Debug CRTDLL|Win32.Build.0 = Debug CRTDLL|Win32
		{0D4D2F44-4491-4412-9782-A9F6D5ACB5E4}.Debug|Win32.ActiveCfg = Debug CRTDLL|Win32
		{0D4D2F44-4491-4412-9782-A9F6D5ACB5E4}.Release CRTDLL|Win32.ActiveCfg = Release CRTDLL|Win32
		{0D4D2F44-4491-4412-9782-A9F6D5ACB5E4}.Release CRTDLL|Win32.Build.0 = Release CRTDLL|Win32
		{0D4D2F44-4491-4412-9782-A9F6D5ACB5E4}.Release|Win32.ActiveCfg = Release CRTDLL|Win32
		{A7768A12-75ED-480C-825A-BC70105281BC}.Debug CRTDLL|Win32.ActiveCfg = Debug|Win32
		{A7768A12-75ED-480C-825A-BC70105281BC}.Debug CRTDLL|Win32.Build.0 = Debug|Win32
		{A7768A12-75ED-480C-825A-BC70105281BC}.Debug|Win32.ActiveCfg = Debug|Win32
		{A7768A12-75ED-480C-825A-BC70105281BC}.Debug|Win32.Build.0 = Debug|Win32
		{A7768A12-75ED-480C-825A-BC70105281BC}.Release CRTDLL|Win32.ActiveCfg = Release|Win32
		{A7768A12-75ED-480C-825A-BC70105281BC}.Release CRTDLL|Win32.Build.0 = Release|Win32
		{A7768A12-75ED-480C-825A-BC70105281BC}.Release|Win32.ActiveCfg = Release|Win32
		{A7768A12-75ED-480C-825A-BC70105281BC}.Release|Win32.Build.0 = Release|Win32
	EndGlobalSection
	GlobalSection(SolutionProperties) = preSolution
		HideSolutionNode = FALSE
	EndGlobalSection
EndGlobal
