
Microsoft Visual Studio Solution File, Format Version 9.00
# Visual Studio 2005
Project("{8BC9CEB8-8B4A-11D0-8D11-00A0C91BC942}") = "ohgensrc", "..\ObjectHandler\gensrc\ohgensrc_vc8.vcproj", "{88BE5568-6E55-41C5-A251-670FAFB44336}"
EndProject
Project("{8BC9CEB8-8B4A-11D0-8D11-00A0C91BC942}") = "QuantLib", "..\QuantLib\QuantLib_vc8.vcproj", "{AD0A27DA-91DA-46A2-ACBD-296C419ED3AA}"
EndProject
Project("{8BC9CEB8-8B4A-11D0-8D11-00A0C91BC942}") = "testsuite", "..\QuantLib\test-suite\testsuite_vc8.vcproj", "{A613045C-34AF-4706-AA3C-730C92524F74}"
	ProjectSection(ProjectDependencies) = postProject
		{AD0A27DA-91DA-46A2-ACBD-296C419ED3AA} = {AD0A27DA-91DA-46A2-ACBD-296C419ED3AA}
	EndProjectSection
EndProject
Project("{8BC9CEB8-8B4A-11D0-8D11-00A0C91BC942}") = "qlgensrc", "..\QuantLibAddin\gensrc\qlgensrc_vc8.vcproj", "{C8A6BB98-75CA-4EB9-A750-8BA3B3AA5969}"
EndProject
Project("{8BC9CEB8-8B4A-11D0-8D11-00A0C91BC942}") = "QuantLibObjects", "..\QuantLibAddin\QuantLibObjects_vc8.vcproj", "{CAB8330C-6424-4455-9285-3654587EF71F}"
	ProjectSection(ProjectDependencies) = postProject
		{C8A6BB98-75CA-4EB9-A750-8BA3B3AA5969} = {C8A6BB98-75CA-4EB9-A750-8BA3B3AA5969}
	EndProjectSection
EndProject
Project("{8BC9CEB8-8B4A-11D0-8D11-00A0C91BC942}") = "QuantLibXL", "qlxl\QuantLibXL_vc8.vcproj", "{DADFEC4C-A850-4312-8146-FB9BCC19CE92}"
	ProjectSection(ProjectDependencies) = postProject
		{CAB8330C-6424-4455-9285-3654587EF71F} = {CAB8330C-6424-4455-9285-3654587EF71F}
		{AD0A27DA-91DA-46A2-ACBD-296C419ED3AA} = {AD0A27DA-91DA-46A2-ACBD-296C419ED3AA}
		{66021664-4359-442C-ACC7-7C82F51C9D5A} = {66021664-4359-442C-ACC7-7C82F51C9D5A}
	EndProjectSection
EndProject
Project("{8BC9CEB8-8B4A-11D0-8D11-00A0C91BC942}") = "xlsdk", "..\ObjectHandler\xlsdk\xlsdk_vc8.vcproj", "{4BD77A1E-AAE9-47A4-81FE-2308E5A460AF}"
EndProject
Project("{8BC9CEB8-8B4A-11D0-8D11-00A0C91BC942}") = "ohxllib", "..\ObjectHandler\ohxl\ohxllib\ohxllib_vc8.vcproj", "{66021664-4359-442C-ACC7-7C82F51C9D5A}"
	ProjectSection(ProjectDependencies) = postProject
		{4BD77A1E-AAE9-47A4-81FE-2308E5A460AF} = {4BD77A1E-AAE9-47A4-81FE-2308E5A460AF}
		{88BE5568-6E55-41C5-A251-670FAFB44336} = {88BE5568-6E55-41C5-A251-670FAFB44336}
	EndProjectSection
EndProject
Project("{8BC9CEB8-8B4A-11D0-8D11-00A0C91BC942}") = "docs-QuantLibXL", "Docs\docs-QuantLibXL_vc8.vcproj", "{A7768A12-75ED-480C-825A-BC70105281BC}"
	ProjectSection(ProjectDependencies) = postProject
		{DADFEC4C-A850-4312-8146-FB9BCC19CE92} = {DADFEC4C-A850-4312-8146-FB9BCC19CE92}
	EndProjectSection
EndProject
Project("{8BC9CEB8-8B4A-11D0-8D11-00A0C91BC942}") = "docs-QuantLibAddin", "..\QuantLibAddin\Docs\docs-QuantLibAddin_vc8.vcproj", "{3A1AC508-8F57-4318-AC89-EE55513FE506}"
	ProjectSection(ProjectDependencies) = postProject
		{CAB8330C-6424-4455-9285-3654587EF71F} = {CAB8330C-6424-4455-9285-3654587EF71F}
	EndProjectSection
EndProject
Global
	GlobalSection(SolutionConfigurationPlatforms) = preSolution
		All|Any CPU = All|Any CPU
		All|Mixed Platforms = All|Mixed Platforms
		All|Win32 = All|Win32
		Debug CRTDLL|Any CPU = Debug CRTDLL|Any CPU
		Debug CRTDLL|Mixed Platforms = Debug CRTDLL|Mixed Platforms
		Debug CRTDLL|Win32 = Debug CRTDLL|Win32
		Debug|Any CPU = Debug|Any CPU
		Debug|Mixed Platforms = Debug|Mixed Platforms
		Debug|Win32 = Debug|Win32
		Release CRTDLL|Any CPU = Release CRTDLL|Any CPU
		Release CRTDLL|Mixed Platforms = Release CRTDLL|Mixed Platforms
		Release CRTDLL|Win32 = Release CRTDLL|Win32
		Release|Any CPU = Release|Any CPU
		Release|Mixed Platforms = Release|Mixed Platforms
		Release|Win32 = Release|Win32
	EndGlobalSection
	GlobalSection(ProjectConfigurationPlatforms) = postSolution
		{88BE5568-6E55-41C5-A251-670FAFB44336}.All|Any CPU.ActiveCfg = All|Win32
		{88BE5568-6E55-41C5-A251-670FAFB44336}.All|Mixed Platforms.ActiveCfg = All|Win32
		{88BE5568-6E55-41C5-A251-670FAFB44336}.All|Mixed Platforms.Build.0 = All|Win32
		{88BE5568-6E55-41C5-A251-670FAFB44336}.All|Win32.ActiveCfg = All|Win32
		{88BE5568-6E55-41C5-A251-670FAFB44336}.All|Win32.Build.0 = All|Win32
		{88BE5568-6E55-41C5-A251-670FAFB44336}.Debug CRTDLL|Any CPU.ActiveCfg = All|Win32
		{88BE5568-6E55-41C5-A251-670FAFB44336}.Debug CRTDLL|Mixed Platforms.ActiveCfg = All|Win32
		{88BE5568-6E55-41C5-A251-670FAFB44336}.Debug CRTDLL|Mixed Platforms.Build.0 = All|Win32
		{88BE5568-6E55-41C5-A251-670FAFB44336}.Debug CRTDLL|Win32.ActiveCfg = All|Win32
		{88BE5568-6E55-41C5-A251-670FAFB44336}.Debug CRTDLL|Win32.Build.0 = All|Win32
		{88BE5568-6E55-41C5-A251-670FAFB44336}.Debug|Any CPU.ActiveCfg = All|Win32
		{88BE5568-6E55-41C5-A251-670FAFB44336}.Debug|Mixed Platforms.ActiveCfg = All|Win32
		{88BE5568-6E55-41C5-A251-670FAFB44336}.Debug|Mixed Platforms.Build.0 = All|Win32
		{88BE5568-6E55-41C5-A251-670FAFB44336}.Debug|Win32.ActiveCfg = All|Win32
		{88BE5568-6E55-41C5-A251-670FAFB44336}.Debug|Win32.Build.0 = All|Win32
		{88BE5568-6E55-41C5-A251-670FAFB44336}.Release CRTDLL|Any CPU.ActiveCfg = All|Win32
		{88BE5568-6E55-41C5-A251-670FAFB44336}.Release CRTDLL|Mixed Platforms.ActiveCfg = All|Win32
		{88BE5568-6E55-41C5-A251-670FAFB44336}.Release CRTDLL|Mixed Platforms.Build.0 = All|Win32
		{88BE5568-6E55-41C5-A251-670FAFB44336}.Release CRTDLL|Win32.ActiveCfg = All|Win32
		{88BE5568-6E55-41C5-A251-670FAFB44336}.Release CRTDLL|Win32.Build.0 = All|Win32
		{88BE5568-6E55-41C5-A251-670FAFB44336}.Release|Any CPU.ActiveCfg = All|Win32
		{88BE5568-6E55-41C5-A251-670FAFB44336}.Release|Mixed Platforms.ActiveCfg = All|Win32
		{88BE5568-6E55-41C5-A251-670FAFB44336}.Release|Mixed Platforms.Build.0 = All|Win32
		{88BE5568-6E55-41C5-A251-670FAFB44336}.Release|Win32.ActiveCfg = All|Win32
		{88BE5568-6E55-41C5-A251-670FAFB44336}.Release|Win32.Build.0 = All|Win32
		{AD0A27DA-91DA-46A2-ACBD-296C419ED3AA}.All|Any CPU.ActiveCfg = Debug|Win32
		{AD0A27DA-91DA-46A2-ACBD-296C419ED3AA}.All|Mixed Platforms.ActiveCfg = Debug|Win32
		{AD0A27DA-91DA-46A2-ACBD-296C419ED3AA}.All|Mixed Platforms.Build.0 = Debug|Win32
		{AD0A27DA-91DA-46A2-ACBD-296C419ED3AA}.All|Win32.ActiveCfg = Debug|Win32
		{AD0A27DA-91DA-46A2-ACBD-296C419ED3AA}.All|Win32.Build.0 = Debug|Win32
		{AD0A27DA-91DA-46A2-ACBD-296C419ED3AA}.Debug CRTDLL|Any CPU.ActiveCfg = Debug CRTDLL|Win32
		{AD0A27DA-91DA-46A2-ACBD-296C419ED3AA}.Debug CRTDLL|Mixed Platforms.ActiveCfg = Debug CRTDLL|Win32
		{AD0A27DA-91DA-46A2-ACBD-296C419ED3AA}.Debug CRTDLL|Mixed Platforms.Build.0 = Debug CRTDLL|Win32
		{AD0A27DA-91DA-46A2-ACBD-296C419ED3AA}.Debug CRTDLL|Win32.ActiveCfg = Debug CRTDLL|Win32
		{AD0A27DA-91DA-46A2-ACBD-296C419ED3AA}.Debug CRTDLL|Win32.Build.0 = Debug CRTDLL|Win32
		{AD0A27DA-91DA-46A2-ACBD-296C419ED3AA}.Debug|Any CPU.ActiveCfg = Debug|Win32
		{AD0A27DA-91DA-46A2-ACBD-296C419ED3AA}.Debug|Mixed Platforms.ActiveCfg = Debug|Win32
		{AD0A27DA-91DA-46A2-ACBD-296C419ED3AA}.Debug|Mixed Platforms.Build.0 = Debug|Win32
		{AD0A27DA-91DA-46A2-ACBD-296C419ED3AA}.Debug|Win32.ActiveCfg = Debug|Win32
		{AD0A27DA-91DA-46A2-ACBD-296C419ED3AA}.Debug|Win32.Build.0 = Debug|Win32
		{AD0A27DA-91DA-46A2-ACBD-296C419ED3AA}.Release CRTDLL|Any CPU.ActiveCfg = Release CRTDLL|Win32
		{AD0A27DA-91DA-46A2-ACBD-296C419ED3AA}.Release CRTDLL|Mixed Platforms.ActiveCfg = Release CRTDLL|Win32
		{AD0A27DA-91DA-46A2-ACBD-296C419ED3AA}.Release CRTDLL|Mixed Platforms.Build.0 = Release CRTDLL|Win32
		{AD0A27DA-91DA-46A2-ACBD-296C419ED3AA}.Release CRTDLL|Win32.ActiveCfg = Release CRTDLL|Win32
		{AD0A27DA-91DA-46A2-ACBD-296C419ED3AA}.Release CRTDLL|Win32.Build.0 = Release CRTDLL|Win32
		{AD0A27DA-91DA-46A2-ACBD-296C419ED3AA}.Release|Any CPU.ActiveCfg = Release|Win32
		{AD0A27DA-91DA-46A2-ACBD-296C419ED3AA}.Release|Mixed Platforms.ActiveCfg = Release|Win32
		{AD0A27DA-91DA-46A2-ACBD-296C419ED3AA}.Release|Mixed Platforms.Build.0 = Release|Win32
		{AD0A27DA-91DA-46A2-ACBD-296C419ED3AA}.Release|Win32.ActiveCfg = Release|Win32
		{AD0A27DA-91DA-46A2-ACBD-296C419ED3AA}.Release|Win32.Build.0 = Release|Win32
		{A613045C-34AF-4706-AA3C-730C92524F74}.All|Any CPU.ActiveCfg = Release CRTDLL|Win32
		{A613045C-34AF-4706-AA3C-730C92524F74}.All|Mixed Platforms.ActiveCfg = Release CRTDLL|Win32
		{A613045C-34AF-4706-AA3C-730C92524F74}.All|Mixed Platforms.Build.0 = Release CRTDLL|Win32
		{A613045C-34AF-4706-AA3C-730C92524F74}.All|Win32.ActiveCfg = Release CRTDLL|Win32
		{A613045C-34AF-4706-AA3C-730C92524F74}.All|Win32.Build.0 = Release CRTDLL|Win32
		{A613045C-34AF-4706-AA3C-730C92524F74}.Debug CRTDLL|Any CPU.ActiveCfg = Debug CRTDLL|Win32
		{A613045C-34AF-4706-AA3C-730C92524F74}.Debug CRTDLL|Mixed Platforms.ActiveCfg = Debug CRTDLL|Win32
		{A613045C-34AF-4706-AA3C-730C92524F74}.Debug CRTDLL|Mixed Platforms.Build.0 = Debug CRTDLL|Win32
		{A613045C-34AF-4706-AA3C-730C92524F74}.Debug CRTDLL|Win32.ActiveCfg = Debug CRTDLL|Win32
		{A613045C-34AF-4706-AA3C-730C92524F74}.Debug CRTDLL|Win32.Build.0 = Debug CRTDLL|Win32
		{A613045C-34AF-4706-AA3C-730C92524F74}.Debug|Any CPU.ActiveCfg = Debug|Win32
		{A613045C-34AF-4706-AA3C-730C92524F74}.Debug|Mixed Platforms.ActiveCfg = Debug|Win32
		{A613045C-34AF-4706-AA3C-730C92524F74}.Debug|Mixed Platforms.Build.0 = Debug|Win32
		{A613045C-34AF-4706-AA3C-730C92524F74}.Debug|Win32.ActiveCfg = Debug|Win32
		{A613045C-34AF-4706-AA3C-730C92524F74}.Debug|Win32.Build.0 = Debug|Win32
		{A613045C-34AF-4706-AA3C-730C92524F74}.Release CRTDLL|Any CPU.ActiveCfg = Release CRTDLL|Win32
		{A613045C-34AF-4706-AA3C-730C92524F74}.Release CRTDLL|Mixed Platforms.ActiveCfg = Release CRTDLL|Win32
		{A613045C-34AF-4706-AA3C-730C92524F74}.Release CRTDLL|Mixed Platforms.Build.0 = Release CRTDLL|Win32
		{A613045C-34AF-4706-AA3C-730C92524F74}.Release CRTDLL|Win32.ActiveCfg = Release CRTDLL|Win32
		{A613045C-34AF-4706-AA3C-730C92524F74}.Release CRTDLL|Win32.Build.0 = Release CRTDLL|Win32
		{A613045C-34AF-4706-AA3C-730C92524F74}.Release|Any CPU.ActiveCfg = Release|Win32
		{A613045C-34AF-4706-AA3C-730C92524F74}.Release|Mixed Platforms.ActiveCfg = Release|Win32
		{A613045C-34AF-4706-AA3C-730C92524F74}.Release|Mixed Platforms.Build.0 = Release|Win32
		{A613045C-34AF-4706-AA3C-730C92524F74}.Release|Win32.ActiveCfg = Release|Win32
		{A613045C-34AF-4706-AA3C-730C92524F74}.Release|Win32.Build.0 = Release|Win32
		{C8A6BB98-75CA-4EB9-A750-8BA3B3AA5969}.All|Any CPU.ActiveCfg = All|Win32
		{C8A6BB98-75CA-4EB9-A750-8BA3B3AA5969}.All|Mixed Platforms.ActiveCfg = All|Win32
		{C8A6BB98-75CA-4EB9-A750-8BA3B3AA5969}.All|Mixed Platforms.Build.0 = All|Win32
		{C8A6BB98-75CA-4EB9-A750-8BA3B3AA5969}.All|Win32.ActiveCfg = All|Win32
		{C8A6BB98-75CA-4EB9-A750-8BA3B3AA5969}.All|Win32.Build.0 = All|Win32
		{C8A6BB98-75CA-4EB9-A750-8BA3B3AA5969}.Debug CRTDLL|Any CPU.ActiveCfg = All|Win32
		{C8A6BB98-75CA-4EB9-A750-8BA3B3AA5969}.Debug CRTDLL|Mixed Platforms.ActiveCfg = All|Win32
		{C8A6BB98-75CA-4EB9-A750-8BA3B3AA5969}.Debug CRTDLL|Mixed Platforms.Build.0 = All|Win32
		{C8A6BB98-75CA-4EB9-A750-8BA3B3AA5969}.Debug CRTDLL|Win32.ActiveCfg = All|Win32
		{C8A6BB98-75CA-4EB9-A750-8BA3B3AA5969}.Debug CRTDLL|Win32.Build.0 = All|Win32
		{C8A6BB98-75CA-4EB9-A750-8BA3B3AA5969}.Debug|Any CPU.ActiveCfg = All|Win32
		{C8A6BB98-75CA-4EB9-A750-8BA3B3AA5969}.Debug|Mixed Platforms.ActiveCfg = All|Win32
		{C8A6BB98-75CA-4EB9-A750-8BA3B3AA5969}.Debug|Mixed Platforms.Build.0 = All|Win32
		{C8A6BB98-75CA-4EB9-A750-8BA3B3AA5969}.Debug|Win32.ActiveCfg = All|Win32
		{C8A6BB98-75CA-4EB9-A750-8BA3B3AA5969}.Debug|Win32.Build.0 = All|Win32
		{C8A6BB98-75CA-4EB9-A750-8BA3B3AA5969}.Release CRTDLL|Any CPU.ActiveCfg = All|Win32
		{C8A6BB98-75CA-4EB9-A750-8BA3B3AA5969}.Release CRTDLL|Mixed Platforms.ActiveCfg = All|Win32
		{C8A6BB98-75CA-4EB9-A750-8BA3B3AA5969}.Release CRTDLL|Mixed Platforms.Build.0 = All|Win32
		{C8A6BB98-75CA-4EB9-A750-8BA3B3AA5969}.Release CRTDLL|Win32.ActiveCfg = All|Win32
		{C8A6BB98-75CA-4EB9-A750-8BA3B3AA5969}.Release CRTDLL|Win32.Build.0 = All|Win32
		{C8A6BB98-75CA-4EB9-A750-8BA3B3AA5969}.Release|Any CPU.ActiveCfg = All|Win32
		{C8A6BB98-75CA-4EB9-A750-8BA3B3AA5969}.Release|Mixed Platforms.ActiveCfg = All|Win32
		{C8A6BB98-75CA-4EB9-A750-8BA3B3AA5969}.Release|Mixed Platforms.Build.0 = All|Win32
		{C8A6BB98-75CA-4EB9-A750-8BA3B3AA5969}.Release|Win32.ActiveCfg = All|Win32
		{C8A6BB98-75CA-4EB9-A750-8BA3B3AA5969}.Release|Win32.Build.0 = All|Win32
		{CAB8330C-6424-4455-9285-3654587EF71F}.All|Any CPU.ActiveCfg = Debug CRTDLL|Win32
		{CAB8330C-6424-4455-9285-3654587EF71F}.All|Mixed Platforms.ActiveCfg = Debug CRTDLL|Win32
		{CAB8330C-6424-4455-9285-3654587EF71F}.All|Mixed Platforms.Build.0 = Debug CRTDLL|Win32
		{CAB8330C-6424-4455-9285-3654587EF71F}.All|Win32.ActiveCfg = Debug CRTDLL|Win32
		{CAB8330C-6424-4455-9285-3654587EF71F}.All|Win32.Build.0 = Debug CRTDLL|Win32
		{CAB8330C-6424-4455-9285-3654587EF71F}.Debug CRTDLL|Any CPU.ActiveCfg = Debug CRTDLL|Win32
		{CAB8330C-6424-4455-9285-3654587EF71F}.Debug CRTDLL|Mixed Platforms.ActiveCfg = Debug CRTDLL|Win32
		{CAB8330C-6424-4455-9285-3654587EF71F}.Debug CRTDLL|Mixed Platforms.Build.0 = Debug CRTDLL|Win32
		{CAB8330C-6424-4455-9285-3654587EF71F}.Debug CRTDLL|Win32.ActiveCfg = Debug CRTDLL|Win32
		{CAB8330C-6424-4455-9285-3654587EF71F}.Debug CRTDLL|Win32.Build.0 = Debug CRTDLL|Win32
		{CAB8330C-6424-4455-9285-3654587EF71F}.Debug|Any CPU.ActiveCfg = Debug|Win32
		{CAB8330C-6424-4455-9285-3654587EF71F}.Debug|Mixed Platforms.ActiveCfg = Debug|Win32
		{CAB8330C-6424-4455-9285-3654587EF71F}.Debug|Mixed Platforms.Build.0 = Debug|Win32
		{CAB8330C-6424-4455-9285-3654587EF71F}.Debug|Win32.ActiveCfg = Debug|Win32
		{CAB8330C-6424-4455-9285-3654587EF71F}.Debug|Win32.Build.0 = Debug|Win32
		{CAB8330C-6424-4455-9285-3654587EF71F}.Release CRTDLL|Any CPU.ActiveCfg = Release CRTDLL|Win32
		{CAB8330C-6424-4455-9285-3654587EF71F}.Release CRTDLL|Mixed Platforms.ActiveCfg = Release CRTDLL|Win32
		{CAB8330C-6424-4455-9285-3654587EF71F}.Release CRTDLL|Mixed Platforms.Build.0 = Release CRTDLL|Win32
		{CAB8330C-6424-4455-9285-3654587EF71F}.Release CRTDLL|Win32.ActiveCfg = Release CRTDLL|Win32
		{CAB8330C-6424-4455-9285-3654587EF71F}.Release CRTDLL|Win32.Build.0 = Release CRTDLL|Win32
		{CAB8330C-6424-4455-9285-3654587EF71F}.Release|Any CPU.ActiveCfg = Release|Win32
		{CAB8330C-6424-4455-9285-3654587EF71F}.Release|Mixed Platforms.ActiveCfg = Release|Win32
		{CAB8330C-6424-4455-9285-3654587EF71F}.Release|Mixed Platforms.Build.0 = Release|Win32
		{CAB8330C-6424-4455-9285-3654587EF71F}.Release|Win32.ActiveCfg = Release|Win32
		{CAB8330C-6424-4455-9285-3654587EF71F}.Release|Win32.Build.0 = Release|Win32
		{DADFEC4C-A850-4312-8146-FB9BCC19CE92}.All|Any CPU.ActiveCfg = Release CRTDLL|Win32
		{DADFEC4C-A850-4312-8146-FB9BCC19CE92}.All|Mixed Platforms.ActiveCfg = Release CRTDLL|Win32
		{DADFEC4C-A850-4312-8146-FB9BCC19CE92}.All|Mixed Platforms.Build.0 = Release CRTDLL|Win32
		{DADFEC4C-A850-4312-8146-FB9BCC19CE92}.All|Win32.ActiveCfg = Release CRTDLL|Win32
		{DADFEC4C-A850-4312-8146-FB9BCC19CE92}.All|Win32.Build.0 = Release CRTDLL|Win32
		{DADFEC4C-A850-4312-8146-FB9BCC19CE92}.Debug CRTDLL|Any CPU.ActiveCfg = Debug CRTDLL|Win32
		{DADFEC4C-A850-4312-8146-FB9BCC19CE92}.Debug CRTDLL|Mixed Platforms.ActiveCfg = Debug CRTDLL|Win32
		{DADFEC4C-A850-4312-8146-FB9BCC19CE92}.Debug CRTDLL|Mixed Platforms.Build.0 = Debug CRTDLL|Win32
		{DADFEC4C-A850-4312-8146-FB9BCC19CE92}.Debug CRTDLL|Win32.ActiveCfg = Debug CRTDLL|Win32
		{DADFEC4C-A850-4312-8146-FB9BCC19CE92}.Debug CRTDLL|Win32.Build.0 = Debug CRTDLL|Win32
		{DADFEC4C-A850-4312-8146-FB9BCC19CE92}.Debug|Any CPU.ActiveCfg = Debug|Win32
		{DADFEC4C-A850-4312-8146-FB9BCC19CE92}.Debug|Mixed Platforms.ActiveCfg = Debug|Win32
		{DADFEC4C-A850-4312-8146-FB9BCC19CE92}.Debug|Mixed Platforms.Build.0 = Debug|Win32
		{DADFEC4C-A850-4312-8146-FB9BCC19CE92}.Debug|Win32.ActiveCfg = Debug|Win32
		{DADFEC4C-A850-4312-8146-FB9BCC19CE92}.Debug|Win32.Build.0 = Debug|Win32
		{DADFEC4C-A850-4312-8146-FB9BCC19CE92}.Release CRTDLL|Any CPU.ActiveCfg = Release CRTDLL|Win32
		{DADFEC4C-A850-4312-8146-FB9BCC19CE92}.Release CRTDLL|Mixed Platforms.ActiveCfg = Release CRTDLL|Win32
		{DADFEC4C-A850-4312-8146-FB9BCC19CE92}.Release CRTDLL|Mixed Platforms.Build.0 = Release CRTDLL|Win32
		{DADFEC4C-A850-4312-8146-FB9BCC19CE92}.Release CRTDLL|Win32.ActiveCfg = Release CRTDLL|Win32
		{DADFEC4C-A850-4312-8146-FB9BCC19CE92}.Release CRTDLL|Win32.Build.0 = Release CRTDLL|Win32
		{DADFEC4C-A850-4312-8146-FB9BCC19CE92}.Release|Any CPU.ActiveCfg = Release|Win32
		{DADFEC4C-A850-4312-8146-FB9BCC19CE92}.Release|Mixed Platforms.ActiveCfg = Release|Win32
		{DADFEC4C-A850-4312-8146-FB9BCC19CE92}.Release|Mixed Platforms.Build.0 = Release|Win32
		{DADFEC4C-A850-4312-8146-FB9BCC19CE92}.Release|Win32.ActiveCfg = Release|Win32
		{DADFEC4C-A850-4312-8146-FB9BCC19CE92}.Release|Win32.Build.0 = Release|Win32
		{4BD77A1E-AAE9-47A4-81FE-2308E5A460AF}.All|Any CPU.ActiveCfg = Debug CRTDLL|Win32
		{4BD77A1E-AAE9-47A4-81FE-2308E5A460AF}.All|Mixed Platforms.ActiveCfg = Debug CRTDLL|Win32
		{4BD77A1E-AAE9-47A4-81FE-2308E5A460AF}.All|Mixed Platforms.Build.0 = Debug CRTDLL|Win32
		{4BD77A1E-AAE9-47A4-81FE-2308E5A460AF}.All|Win32.ActiveCfg = Debug CRTDLL|Win32
		{4BD77A1E-AAE9-47A4-81FE-2308E5A460AF}.All|Win32.Build.0 = Debug CRTDLL|Win32
		{4BD77A1E-AAE9-47A4-81FE-2308E5A460AF}.Debug CRTDLL|Any CPU.ActiveCfg = Debug CRTDLL|Win32
		{4BD77A1E-AAE9-47A4-81FE-2308E5A460AF}.Debug CRTDLL|Mixed Platforms.ActiveCfg = Debug CRTDLL|Win32
		{4BD77A1E-AAE9-47A4-81FE-2308E5A460AF}.Debug CRTDLL|Mixed Platforms.Build.0 = Debug CRTDLL|Win32
		{4BD77A1E-AAE9-47A4-81FE-2308E5A460AF}.Debug CRTDLL|Win32.ActiveCfg = Debug CRTDLL|Win32
		{4BD77A1E-AAE9-47A4-81FE-2308E5A460AF}.Debug CRTDLL|Win32.Build.0 = Debug CRTDLL|Win32
		{4BD77A1E-AAE9-47A4-81FE-2308E5A460AF}.Debug|Any CPU.ActiveCfg = Debug|Win32
		{4BD77A1E-AAE9-47A4-81FE-2308E5A460AF}.Debug|Mixed Platforms.ActiveCfg = Debug|Win32
		{4BD77A1E-AAE9-47A4-81FE-2308E5A460AF}.Debug|Mixed Platforms.Build.0 = Debug|Win32
		{4BD77A1E-AAE9-47A4-81FE-2308E5A460AF}.Debug|Win32.ActiveCfg = Debug|Win32
		{4BD77A1E-AAE9-47A4-81FE-2308E5A460AF}.Debug|Win32.Build.0 = Debug|Win32
		{4BD77A1E-AAE9-47A4-81FE-2308E5A460AF}.Release CRTDLL|Any CPU.ActiveCfg = Release CRTDLL|Win32
		{4BD77A1E-AAE9-47A4-81FE-2308E5A460AF}.Release CRTDLL|Mixed Platforms.ActiveCfg = Release CRTDLL|Win32
		{4BD77A1E-AAE9-47A4-81FE-2308E5A460AF}.Release CRTDLL|Mixed Platforms.Build.0 = Release CRTDLL|Win32
		{4BD77A1E-AAE9-47A4-81FE-2308E5A460AF}.Release CRTDLL|Win32.ActiveCfg = Release CRTDLL|Win32
		{4BD77A1E-AAE9-47A4-81FE-2308E5A460AF}.Release CRTDLL|Win32.Build.0 = Release CRTDLL|Win32
		{4BD77A1E-AAE9-47A4-81FE-2308E5A460AF}.Release|Any CPU.ActiveCfg = Release|Win32
		{4BD77A1E-AAE9-47A4-81FE-2308E5A460AF}.Release|Mixed Platforms.ActiveCfg = Release|Win32
		{4BD77A1E-AAE9-47A4-81FE-2308E5A460AF}.Release|Mixed Platforms.Build.0 = Release|Win32
		{4BD77A1E-AAE9-47A4-81FE-2308E5A460AF}.Release|Win32.ActiveCfg = Release|Win32
		{4BD77A1E-AAE9-47A4-81FE-2308E5A460AF}.Release|Win32.Build.0 = Release|Win32
		{66021664-4359-442C-ACC7-7C82F51C9D5A}.All|Any CPU.ActiveCfg = Debug|Win32
		{66021664-4359-442C-ACC7-7C82F51C9D5A}.All|Mixed Platforms.ActiveCfg = Debug|Win32
		{66021664-4359-442C-ACC7-7C82F51C9D5A}.All|Mixed Platforms.Build.0 = Debug|Win32
		{66021664-4359-442C-ACC7-7C82F51C9D5A}.All|Win32.ActiveCfg = Debug|Win32
		{66021664-4359-442C-ACC7-7C82F51C9D5A}.All|Win32.Build.0 = Debug|Win32
		{66021664-4359-442C-ACC7-7C82F51C9D5A}.Debug CRTDLL|Any CPU.ActiveCfg = Debug CRTDLL|Win32
		{66021664-4359-442C-ACC7-7C82F51C9D5A}.Debug CRTDLL|Mixed Platforms.ActiveCfg = Debug CRTDLL|Win32
		{66021664-4359-442C-ACC7-7C82F51C9D5A}.Debug CRTDLL|Mixed Platforms.Build.0 = Debug CRTDLL|Win32
		{66021664-4359-442C-ACC7-7C82F51C9D5A}.Debug CRTDLL|Win32.ActiveCfg = Debug CRTDLL|Win32
		{66021664-4359-442C-ACC7-7C82F51C9D5A}.Debug CRTDLL|Win32.Build.0 = Debug CRTDLL|Win32
		{66021664-4359-442C-ACC7-7C82F51C9D5A}.Debug|Any CPU.ActiveCfg = Debug|Win32
		{66021664-4359-442C-ACC7-7C82F51C9D5A}.Debug|Mixed Platforms.ActiveCfg = Debug|Win32
		{66021664-4359-442C-ACC7-7C82F51C9D5A}.Debug|Mixed Platforms.Build.0 = Debug|Win32
		{66021664-4359-442C-ACC7-7C82F51C9D5A}.Debug|Win32.ActiveCfg = Debug|Win32
		{66021664-4359-442C-ACC7-7C82F51C9D5A}.Debug|Win32.Build.0 = Debug|Win32
		{66021664-4359-442C-ACC7-7C82F51C9D5A}.Release CRTDLL|Any CPU.ActiveCfg = Release CRTDLL|Win32
		{66021664-4359-442C-ACC7-7C82F51C9D5A}.Release CRTDLL|Mixed Platforms.ActiveCfg = Release CRTDLL|Win32
		{66021664-4359-442C-ACC7-7C82F51C9D5A}.Release CRTDLL|Mixed Platforms.Build.0 = Release CRTDLL|Win32
		{66021664-4359-442C-ACC7-7C82F51C9D5A}.Release CRTDLL|Win32.ActiveCfg = Release CRTDLL|Win32
		{66021664-4359-442C-ACC7-7C82F51C9D5A}.Release CRTDLL|Win32.Build.0 = Release CRTDLL|Win32
		{66021664-4359-442C-ACC7-7C82F51C9D5A}.Release|Any CPU.ActiveCfg = Release|Win32
		{66021664-4359-442C-ACC7-7C82F51C9D5A}.Release|Mixed Platforms.ActiveCfg = Release|Win32
		{66021664-4359-442C-ACC7-7C82F51C9D5A}.Release|Mixed Platforms.Build.0 = Release|Win32
		{66021664-4359-442C-ACC7-7C82F51C9D5A}.Release|Win32.ActiveCfg = Release|Win32
		{66021664-4359-442C-ACC7-7C82F51C9D5A}.Release|Win32.Build.0 = Release|Win32
		{A7768A12-75ED-480C-825A-BC70105281BC}.All|Any CPU.ActiveCfg = All|Win32
		{A7768A12-75ED-480C-825A-BC70105281BC}.All|Mixed Platforms.ActiveCfg = All|Win32
		{A7768A12-75ED-480C-825A-BC70105281BC}.All|Mixed Platforms.Build.0 = All|Win32
		{A7768A12-75ED-480C-825A-BC70105281BC}.All|Win32.ActiveCfg = All|Win32
		{A7768A12-75ED-480C-825A-BC70105281BC}.All|Win32.Build.0 = All|Win32
		{A7768A12-75ED-480C-825A-BC70105281BC}.Debug CRTDLL|Any CPU.ActiveCfg = All|Win32
		{A7768A12-75ED-480C-825A-BC70105281BC}.Debug CRTDLL|Mixed Platforms.ActiveCfg = All|Win32
		{A7768A12-75ED-480C-825A-BC70105281BC}.Debug CRTDLL|Mixed Platforms.Build.0 = All|Win32
		{A7768A12-75ED-480C-825A-BC70105281BC}.Debug CRTDLL|Win32.ActiveCfg = All|Win32
		{A7768A12-75ED-480C-825A-BC70105281BC}.Debug CRTDLL|Win32.Build.0 = All|Win32
		{A7768A12-75ED-480C-825A-BC70105281BC}.Debug|Any CPU.ActiveCfg = All|Win32
		{A7768A12-75ED-480C-825A-BC70105281BC}.Debug|Mixed Platforms.ActiveCfg = All|Win32
		{A7768A12-75ED-480C-825A-BC70105281BC}.Debug|Mixed Platforms.Build.0 = All|Win32
		{A7768A12-75ED-480C-825A-BC70105281BC}.Debug|Win32.ActiveCfg = All|Win32
		{A7768A12-75ED-480C-825A-BC70105281BC}.Debug|Win32.Build.0 = All|Win32
		{A7768A12-75ED-480C-825A-BC70105281BC}.Release CRTDLL|Any CPU.ActiveCfg = All|Win32
		{A7768A12-75ED-480C-825A-BC70105281BC}.Release CRTDLL|Mixed Platforms.ActiveCfg = All|Win32
		{A7768A12-75ED-480C-825A-BC70105281BC}.Release CRTDLL|Mixed Platforms.Build.0 = All|Win32
		{A7768A12-75ED-480C-825A-BC70105281BC}.Release CRTDLL|Win32.ActiveCfg = All|Win32
		{A7768A12-75ED-480C-825A-BC70105281BC}.Release CRTDLL|Win32.Build.0 = All|Win32
		{A7768A12-75ED-480C-825A-BC70105281BC}.Release|Any CPU.ActiveCfg = All|Win32
		{A7768A12-75ED-480C-825A-BC70105281BC}.Release|Mixed Platforms.ActiveCfg = All|Win32
		{A7768A12-75ED-480C-825A-BC70105281BC}.Release|Mixed Platforms.Build.0 = All|Win32
		{A7768A12-75ED-480C-825A-BC70105281BC}.Release|Win32.ActiveCfg = All|Win32
		{A7768A12-75ED-480C-825A-BC70105281BC}.Release|Win32.Build.0 = All|Win32
		{3A1AC508-8F57-4318-AC89-EE55513FE506}.All|Any CPU.ActiveCfg = All|Win32
		{3A1AC508-8F57-4318-AC89-EE55513FE506}.All|Mixed Platforms.ActiveCfg = All|Win32
		{3A1AC508-8F57-4318-AC89-EE55513FE506}.All|Mixed Platforms.Build.0 = All|Win32
		{3A1AC508-8F57-4318-AC89-EE55513FE506}.All|Win32.ActiveCfg = All|Win32
		{3A1AC508-8F57-4318-AC89-EE55513FE506}.All|Win32.Build.0 = All|Win32
		{3A1AC508-8F57-4318-AC89-EE55513FE506}.Debug CRTDLL|Any CPU.ActiveCfg = All|Win32
		{3A1AC508-8F57-4318-AC89-EE55513FE506}.Debug CRTDLL|Mixed Platforms.ActiveCfg = All|Win32
		{3A1AC508-8F57-4318-AC89-EE55513FE506}.Debug CRTDLL|Mixed Platforms.Build.0 = All|Win32
		{3A1AC508-8F57-4318-AC89-EE55513FE506}.Debug CRTDLL|Win32.ActiveCfg = All|Win32
		{3A1AC508-8F57-4318-AC89-EE55513FE506}.Debug CRTDLL|Win32.Build.0 = All|Win32
		{3A1AC508-8F57-4318-AC89-EE55513FE506}.Debug|Any CPU.ActiveCfg = All|Win32
		{3A1AC508-8F57-4318-AC89-EE55513FE506}.Debug|Mixed Platforms.ActiveCfg = All|Win32
		{3A1AC508-8F57-4318-AC89-EE55513FE506}.Debug|Mixed Platforms.Build.0 = All|Win32
		{3A1AC508-8F57-4318-AC89-EE55513FE506}.Debug|Win32.ActiveCfg = All|Win32
		{3A1AC508-8F57-4318-AC89-EE55513FE506}.Debug|Win32.Build.0 = All|Win32
		{3A1AC508-8F57-4318-AC89-EE55513FE506}.Release CRTDLL|Any CPU.ActiveCfg = All|Win32
		{3A1AC508-8F57-4318-AC89-EE55513FE506}.Release CRTDLL|Mixed Platforms.ActiveCfg = All|Win32
		{3A1AC508-8F57-4318-AC89-EE55513FE506}.Release CRTDLL|Mixed Platforms.Build.0 = All|Win32
		{3A1AC508-8F57-4318-AC89-EE55513FE506}.Release CRTDLL|Win32.ActiveCfg = All|Win32
		{3A1AC508-8F57-4318-AC89-EE55513FE506}.Release CRTDLL|Win32.Build.0 = All|Win32
		{3A1AC508-8F57-4318-AC89-EE55513FE506}.Release|Any CPU.ActiveCfg = All|Win32
		{3A1AC508-8F57-4318-AC89-EE55513FE506}.Release|Mixed Platforms.ActiveCfg = All|Win32
		{3A1AC508-8F57-4318-AC89-EE55513FE506}.Release|Mixed Platforms.Build.0 = All|Win32
		{3A1AC508-8F57-4318-AC89-EE55513FE506}.Release|Win32.ActiveCfg = All|Win32
		{3A1AC508-8F57-4318-AC89-EE55513FE506}.Release|Win32.Build.0 = All|Win32
	EndGlobalSection
	GlobalSection(SolutionProperties) = preSolution
		HideSolutionNode = FALSE
	EndGlobalSection
EndGlobal
