<?xml version="1.0" encoding="utf-8"?>
<Project ToolsVersion="4.0" xmlns="http://schemas.microsoft.com/developer/msbuild/2003">
  <ItemGroup>
    <Filter Include="Source Files">
      <UniqueIdentifier>{e4b89206-a679-49d9-a4f6-ba89d4529b88}</UniqueIdentifier>
      <Extensions>cpp;c;cxx;def;odl;idl;hpj;bat;asm;asmx</Extensions>
    </Filter>
    <Filter Include="Header Files">
      <UniqueIdentifier>{7e4e9704-0750-4bed-89f7-a78e4e8d14af}</UniqueIdentifier>
      <Extensions>h;hpp;hxx;hm;inl;inc;xsd</Extensions>
    </Filter>
    <Filter Include="Resource Files">
      <UniqueIdentifier>{484a77a9-995c-4de3-a00c-94c54a77298c}</UniqueIdentifier>
      <Extensions>rc;ico;cur;bmp;dlg;rc2;rct;bin;rgs;gif;jpg;jpeg;jpe;resx</Extensions>
    </Filter>
  </ItemGroup>
  <ItemGroup>
    <ClCompile Include="..\src\apr\time\win32\access.c">
      <Filter>Source Files</Filter>
    </ClCompile>
    <ClCompile Include="..\src\apr\misc\win32\apr_app.c">
      <Filter>Source Files</Filter>
    </ClCompile>
    <ClCompile Include="..\src\apr\atomic\win32\apr_atomic.c">
      <Filter>Source Files</Filter>
    </ClCompile>
    <ClCompile Include="..\src\apr\strings\apr_cpystrn.c">
      <Filter>Source Files</Filter>
    </ClCompile>
    <ClCompile Include="..\src\apr\strings\apr_fnmatch.c">
      <Filter>Source Files</Filter>
    </ClCompile>
    <ClCompile Include="..\src\apr\tables\apr_hash.c">
      <Filter>Source Files</Filter>
    </ClCompile>
    <ClCompile Include="..\src\apr\memory\unix\apr_pools.c">
      <Filter>Source Files</Filter>
    </ClCompile>
    <ClCompile Include="..\src\apr\random\unix\apr_random.c">
      <Filter>Source Files</Filter>
    </ClCompile>
    <ClCompile Include="..\src\apr\strings\apr_snprintf.c">
      <Filter>Source Files</Filter>
    </ClCompile>
    <ClCompile Include="..\src\apr\strings\apr_strings.c">
      <Filter>Source Files</Filter>
    </ClCompile>
    <ClCompile Include="..\src\apr\strings\apr_strnatcmp.c">
      <Filter>Source Files</Filter>
    </ClCompile>
    <ClCompile Include="..\src\apr\strings\apr_strtok.c">
      <Filter>Source Files</Filter>
    </ClCompile>
    <ClCompile Include="..\src\apr\tables\apr_tables.c">
      <Filter>Source Files</Filter>
    </ClCompile>
    <ClCompile Include="..\src\apr\misc\win32\charset.c">
      <Filter>Source Files</Filter>
    </ClCompile>
    <ClCompile Include="..\src\apr\mmap\unix\common.c">
      <Filter>Source Files</Filter>
    </ClCompile>
    <ClCompile Include="..\src\apr\file_io\unix\copy.c">
      <Filter>Source Files</Filter>
    </ClCompile>
    <ClCompile Include="..\src\apr\file_io\win32\dir.c">
      <Filter>Source Files</Filter>
    </ClCompile>
    <ClCompile Include="..\src\apr\dso\win32\dso.c">
      <Filter>Source Files</Filter>
    </ClCompile>
    <ClCompile Include="..\src\apr\misc\win32\env.c">
      <Filter>Source Files</Filter>
    </ClCompile>
    <ClCompile Include="..\src\apr\misc\unix\errorcodes.c">
      <Filter>Source Files</Filter>
    </ClCompile>
    <ClCompile Include="..\src\apr\file_io\unix\fileacc.c">
      <Filter>Source Files</Filter>
    </ClCompile>
    <ClCompile Include="..\src\apr\file_io\win32\filedup.c">
      <Filter>Source Files</Filter>
    </ClCompile>
    <ClCompile Include="..\src\apr\file_io\win32\filepath.c">
      <Filter>Source Files</Filter>
    </ClCompile>
    <ClCompile Include="..\src\apr\file_io\unix\filepath_util.c">
      <Filter>Source Files</Filter>
    </ClCompile>
    <ClCompile Include="..\src\apr\file_io\win32\filestat.c">
      <Filter>Source Files</Filter>
    </ClCompile>
    <ClCompile Include="..\src\apr\file_io\win32\filesys.c">
      <Filter>Source Files</Filter>
    </ClCompile>
    <ClCompile Include="..\src\apr\file_io\win32\flock.c">
      <Filter>Source Files</Filter>
    </ClCompile>
    <ClCompile Include="..\src\apr\file_io\unix\fullrw.c">
      <Filter>Source Files</Filter>
    </ClCompile>
    <ClCompile Include="..\src\apr\misc\unix\getopt.c">
      <Filter>Source Files</Filter>
    </ClCompile>
    <ClCompile Include="..\src\apr\user\win32\groupinfo.c">
      <Filter>Source Files</Filter>
    </ClCompile>
    <ClCompile Include="..\src\apr\network_io\unix\inet_ntop.c">
      <Filter>Source Files</Filter>
    </ClCompile>
    <ClCompile Include="..\src\apr\network_io\unix\inet_pton.c">
      <Filter>Source Files</Filter>
    </ClCompile>
    <ClCompile Include="..\src\apr\misc\win32\internal.c">
      <Filter>Source Files</Filter>
    </ClCompile>
    <ClCompile Include="..\src\apr\misc\win32\misc.c">
      <Filter>Source Files</Filter>
    </ClCompile>
    <ClCompile Include="..\src\apr\file_io\unix\mktemp.c">
      <Filter>Source Files</Filter>
    </ClCompile>
    <ClCompile Include="..\src\apr\mmap\win32\mmap.c">
      <Filter>Source Files</Filter>
    </ClCompile>
    <ClCompile Include="..\src\apr\file_io\win32\open.c">
      <Filter>Source Files</Filter>
    </ClCompile>
    <ClCompile Include="..\src\apr\misc\unix\otherchild.c">
      <Filter>Source Files</Filter>
    </ClCompile>
    <ClCompile Include="..\src\apr\file_io\win32\pipe.c">
      <Filter>Source Files</Filter>
    </ClCompile>
    <ClCompile Include="..\src\apr\threadproc\win32\proc.c">
      <Filter>Source Files</Filter>
    </ClCompile>
    <ClCompile Include="..\src\apr\locks\win32\proc_mutex.c">
      <Filter>Source Files</Filter>
    </ClCompile>
    <ClCompile Include="..\src\apr\file_io\win32\readwrite.c">
      <Filter>Source Files</Filter>
    </ClCompile>
    <ClCompile Include="..\src\apr\file_io\win32\seek.c">
      <Filter>Source Files</Filter>
    </ClCompile>
    <ClCompile Include="..\src\apr\poll\unix\select.c">
      <Filter>Source Files</Filter>
    </ClCompile>
    <ClCompile Include="..\src\apr\network_io\win32\sendrecv.c">
      <Filter>Source Files</Filter>
    </ClCompile>
    <ClCompile Include="..\src\apr\random\unix\sha2.c">
      <Filter>Source Files</Filter>
    </ClCompile>
    <ClCompile Include="..\src\apr\random\unix\sha2_glue.c">
      <Filter>Source Files</Filter>
    </ClCompile>
    <ClCompile Include="..\src\apr\shmem\win32\shm.c">
      <Filter>Source Files</Filter>
    </ClCompile>
    <ClCompile Include="..\src\apr\threadproc\win32\signals.c">
      <Filter>Source Files</Filter>
    </ClCompile>
    <ClCompile Include="..\src\apr\network_io\unix\sockaddr.c">
      <Filter>Source Files</Filter>
    </ClCompile>
    <ClCompile Include="..\src\apr\network_io\win32\sockets.c">
      <Filter>Source Files</Filter>
    </ClCompile>
    <ClCompile Include="..\src\apr\network_io\win32\sockopt.c">
      <Filter>Source Files</Filter>
    </ClCompile>
    <ClCompile Include="..\src\apr\misc\win32\start.c">
      <Filter>Source Files</Filter>
    </ClCompile>
    <ClCompile Include="..\src\apr\file_io\unix\tempdir.c">
      <Filter>Source Files</Filter>
    </ClCompile>
    <ClCompile Include="..\src\apr\threadproc\win32\thread.c">
      <Filter>Source Files</Filter>
    </ClCompile>
    <ClCompile Include="..\src\apr\locks\win32\thread_cond.c">
      <Filter>Source Files</Filter>
    </ClCompile>
    <ClCompile Include="..\src\apr\locks\win32\thread_mutex.c">
      <Filter>Source Files</Filter>
    </ClCompile>
    <ClCompile Include="..\src\apr\locks\win32\thread_rwlock.c">
      <Filter>Source Files</Filter>
    </ClCompile>
    <ClCompile Include="..\src\apr\threadproc\win32\threadpriv.c">
      <Filter>Source Files</Filter>
    </ClCompile>
    <ClCompile Include="..\src\apr\time\win32\time.c">
      <Filter>Source Files</Filter>
    </ClCompile>
    <ClCompile Include="..\src\apr\time\win32\timestr.c">
      <Filter>Source Files</Filter>
    </ClCompile>
    <ClCompile Include="..\src\apr\user\win32\userinfo.c">
      <Filter>Source Files</Filter>
    </ClCompile>
    <ClCompile Include="..\src\apr\misc\win32\utf8.c">
      <Filter>Source Files</Filter>
    </ClCompile>
    <ClCompile Include="..\src\apr\misc\unix\version.c">
      <Filter>Source Files</Filter>
    </ClCompile>
    <ClCompile Include="..\src\apr\support\unix\waitio.c">
      <Filter>Source Files</Filter>
    </ClCompile>
  </ItemGroup>
  <ItemGroup>
    <ClInclude Include="..\src\apr\include\arch\win32\apr.h">
      <Filter>Header Files</Filter>
    </ClInclude>
    <ClInclude Include="..\src\apr\include\apr_allocator.h">
      <Filter>Header Files</Filter>
    </ClInclude>
    <ClInclude Include="..\src\apr\include\arch\win32\apr_arch_atime.h">
      <Filter>Header Files</Filter>
    </ClInclude>
    <ClInclude Include="..\src\apr\include\arch\unix\apr_arch_dso.h">
      <Filter>Header Files</Filter>
    </ClInclude>
    <ClInclude Include="..\src\apr\include\arch\win32\apr_arch_dso.h">
      <Filter>Header Files</Filter>
    </ClInclude>
    <ClInclude Include="..\src\apr\include\arch\unix\apr_arch_file_io.h">
      <Filter>Header Files</Filter>
    </ClInclude>
    <ClInclude Include="..\src\apr\include\arch\win32\apr_arch_file_io.h">
      <Filter>Header Files</Filter>
    </ClInclude>
    <ClInclude Include="..\src\apr\include\arch\unix\apr_arch_global_mutex.h">
      <Filter>Header Files</Filter>
    </ClInclude>
    <ClInclude Include="..\src\apr\include\arch\win32\apr_arch_inherit.h">
      <Filter>Header Files</Filter>
    </ClInclude>
    <ClInclude Include="..\src\apr\include\arch\unix\apr_arch_inherit.h">
      <Filter>Header Files</Filter>
    </ClInclude>
    <ClInclude Include="..\src\apr\include\arch\unix\apr_arch_internal_time.h">
      <Filter>Header Files</Filter>
    </ClInclude>
    <ClInclude Include="..\src\apr\include\arch\unix\apr_arch_misc.h">
      <Filter>Header Files</Filter>
    </ClInclude>
    <ClInclude Include="..\src\apr\include\arch\win32\apr_arch_misc.h">
      <Filter>Header Files</Filter>
    </ClInclude>
    <ClInclude Include="..\src\apr\include\arch\unix\apr_arch_networkio.h">
      <Filter>Header Files</Filter>
    </ClInclude>
    <ClInclude Include="..\src\apr\include\arch\win32\apr_arch_networkio.h">
      <Filter>Header Files</Filter>
    </ClInclude>
    <ClInclude Include="..\src\apr\include\arch\unix\apr_arch_poll_private.h">
      <Filter>Header Files</Filter>
    </ClInclude>
    <ClInclude Include="..\src\apr\include\arch\win32\apr_arch_proc_mutex.h">
      <Filter>Header Files</Filter>
    </ClInclude>
    <ClInclude Include="..\src\apr\include\arch\unix\apr_arch_proc_mutex.h">
      <Filter>Header Files</Filter>
    </ClInclude>
    <ClInclude Include="..\src\apr\include\arch\unix\apr_arch_shm.h">
      <Filter>Header Files</Filter>
    </ClInclude>
    <ClInclude Include="..\src\apr\include\arch\unix\apr_arch_thread_cond.h">
      <Filter>Header Files</Filter>
    </ClInclude>
    <ClInclude Include="..\src\apr\include\arch\win32\apr_arch_thread_cond.h">
      <Filter>Header Files</Filter>
    </ClInclude>
    <ClInclude Include="..\src\apr\include\arch\unix\apr_arch_thread_mutex.h">
      <Filter>Header Files</Filter>
    </ClInclude>
    <ClInclude Include="..\src\apr\include\arch\win32\apr_arch_thread_mutex.h">
      <Filter>Header Files</Filter>
    </ClInclude>
    <ClInclude Include="..\src\apr\include\arch\unix\apr_arch_thread_rwlock.h">
      <Filter>Header Files</Filter>
    </ClInclude>
    <ClInclude Include="..\src\apr\include\arch\win32\apr_arch_thread_rwlock.h">
      <Filter>Header Files</Filter>
    </ClInclude>
    <ClInclude Include="..\src\apr\include\arch\win32\apr_arch_threadproc.h">
      <Filter>Header Files</Filter>
    </ClInclude>
    <ClInclude Include="..\src\apr\include\arch\unix\apr_arch_threadproc.h">
      <Filter>Header Files</Filter>
    </ClInclude>
    <ClInclude Include="..\src\apr\include\arch\win32\apr_arch_utf8.h">
      <Filter>Header Files</Filter>
    </ClInclude>
    <ClInclude Include="..\src\apr\include\apr_atomic.h">
      <Filter>Header Files</Filter>
    </ClInclude>
    <ClInclude Include="..\src\apr\include\arch\win32\apr_dbg_win32_handles.h">
      <Filter>Header Files</Filter>
    </ClInclude>
    <ClInclude Include="..\src\apr\include\apr_dso.h">
      <Filter>Header Files</Filter>
    </ClInclude>
    <ClInclude Include="..\src\apr\include\apr_env.h">
      <Filter>Header Files</Filter>
    </ClInclude>
    <ClInclude Include="..\src\apr\include\apr_errno.h">
      <Filter>Header Files</Filter>
    </ClInclude>
    <ClInclude Include="..\src\apr\include\apr_file_info.h">
      <Filter>Header Files</Filter>
    </ClInclude>
    <ClInclude Include="..\src\apr\include\apr_file_io.h">
      <Filter>Header Files</Filter>
    </ClInclude>
    <ClInclude Include="..\src\apr\include\apr_fnmatch.h">
      <Filter>Header Files</Filter>
    </ClInclude>
    <ClInclude Include="..\src\apr\include\apr_general.h">
      <Filter>Header Files</Filter>
    </ClInclude>
    <ClInclude Include="..\src\apr\include\apr_getopt.h">
      <Filter>Header Files</Filter>
    </ClInclude>
    <ClInclude Include="..\src\apr\include\apr_global_mutex.h">
      <Filter>Header Files</Filter>
    </ClInclude>
    <ClInclude Include="..\src\apr\include\apr_hash.h">
      <Filter>Header Files</Filter>
    </ClInclude>
    <ClInclude Include="..\src\apr\include\apr_inherit.h">
      <Filter>Header Files</Filter>
    </ClInclude>
    <ClInclude Include="..\src\apr\include\apr_lib.h">
      <Filter>Header Files</Filter>
    </ClInclude>
    <ClInclude Include="..\src\apr\include\apr_mmap.h">
      <Filter>Header Files</Filter>
    </ClInclude>
    <ClInclude Include="..\src\apr\include\apr_network_io.h">
      <Filter>Header Files</Filter>
    </ClInclude>
    <ClInclude Include="..\src\apr\include\apr_poll.h">
      <Filter>Header Files</Filter>
    </ClInclude>
    <ClInclude Include="..\src\apr\include\apr_pools.h">
      <Filter>Header Files</Filter>
    </ClInclude>
    <ClInclude Include="..\src\apr\include\apr_portable.h">
      <Filter>Header Files</Filter>
    </ClInclude>
    <ClInclude Include="..\src\apr\include\arch\win32\apr_private.h">
      <Filter>Header Files</Filter>
    </ClInclude>
    <ClInclude Include="..\src\apr\include\arch\apr_private_common.h">
      <Filter>Header Files</Filter>
    </ClInclude>
    <ClInclude Include="..\src\apr\include\apr_proc_mutex.h">
      <Filter>Header Files</Filter>
    </ClInclude>
    <ClInclude Include="..\src\apr\include\apr_random.h">
      <Filter>Header Files</Filter>
    </ClInclude>
    <ClInclude Include="..\src\apr\include\apr_ring.h">
      <Filter>Header Files</Filter>
    </ClInclude>
    <ClInclude Include="..\src\apr\include\apr_shm.h">
      <Filter>Header Files</Filter>
    </ClInclude>
    <ClInclude Include="..\src\apr\include\apr_signal.h">
      <Filter>Header Files</Filter>
    </ClInclude>
    <ClInclude Include="..\src\apr\include\apr_strings.h">
      <Filter>Header Files</Filter>
    </ClInclude>
    <ClInclude Include="..\src\apr\include\apr_support.h">
      <Filter>Header Files</Filter>
    </ClInclude>
    <ClInclude Include="..\src\apr\include\apr_tables.h">
      <Filter>Header Files</Filter>
    </ClInclude>
    <ClInclude Include="..\src\apr\include\apr_thread_cond.h">
      <Filter>Header Files</Filter>
    </ClInclude>
    <ClInclude Include="..\src\apr\include\apr_thread_mutex.h">
      <Filter>Header Files</Filter>
    </ClInclude>
    <ClInclude Include="..\src\apr\include\apr_thread_proc.h">
      <Filter>Header Files</Filter>
    </ClInclude>
    <ClInclude Include="..\src\apr\include\apr_thread_rwlock.h">
      <Filter>Header Files</Filter>
    </ClInclude>
    <ClInclude Include="..\src\apr\include\apr_time.h">
      <Filter>Header Files</Filter>
    </ClInclude>
    <ClInclude Include="..\src\apr\include\apr_user.h">
      <Filter>Header Files</Filter>
    </ClInclude>
    <ClInclude Include="..\src\apr\include\apr_version.h">
      <Filter>Header Files</Filter>
    </ClInclude>
    <ClInclude Include="..\src\apr\include\apr_want.h">
      <Filter>Header Files</Filter>
    </ClInclude>
  </ItemGroup>
</Project>