
Microsoft Visual Studio Solution File, Format Version 9.00
# Visual Studio 2005
Project("{8BC9CEB8-8B4A-11D0-8D11-00A0C91BC942}") = "AddinC", "Addins\C\AddinC_vc8.vcproj", "{ACCA0906-34AF-4CC4-8426-C3EF41315BF5}"
	ProjectSection(ProjectDependencies) = postProject
		{CAB8330C-6424-4455-9285-3654587EF71F} = {CAB8330C-6424-4455-9285-3654587EF71F}
	EndProjectSection
EndProject
Project("{8BC9CEB8-8B4A-11D0-8D11-00A0C91BC942}") = "AddinCalc", "Addins\Calc\AddinCalc_vc8.vcproj", "{10DC0D9D-ABB3-4737-B14D-4FFAD4810A72}"
EndProject
Project("{8BC9CEB8-8B4A-11D0-8D11-00A0C91BC942}") = "ClientCDemo", "Clients\C\ClientCDemo_vc8.vcproj", "{B598DA76-9F89-4F2D-97D0-54C34C1E3CB4}"
	ProjectSection(ProjectDependencies) = postProject
		{ACCA0906-34AF-4CC4-8426-C3EF41315BF5} = {ACCA0906-34AF-4CC4-8426-C3EF41315BF5}
	EndProjectSection
EndProject
Project("{8BC9CEB8-8B4A-11D0-8D11-00A0C91BC942}") = "ClientCppDemo", "Clients\Cpp\ClientCppDemo_vc8.vcproj", "{8F04F015-23CA-4D7E-83BE-FF9371D3964D}"
	ProjectSection(ProjectDependencies) = postProject
		{E5C1A173-2885-4BAB-905B-F9521ACB8E31} = {E5C1A173-2885-4BAB-905B-F9521ACB8E31}
	EndProjectSection
EndProject
Project("{8BC9CEB8-8B4A-11D0-8D11-00A0C91BC942}") = "QuantLibObjects", "QuantLibObjects_vc8.vcproj", "{CAB8330C-6424-4455-9285-3654587EF71F}"
	ProjectSection(ProjectDependencies) = postProject
		{C8A6BB98-75CA-4EB9-A750-8BA3B3AA5969} = {C8A6BB98-75CA-4EB9-A750-8BA3B3AA5969}
	EndProjectSection
EndProject
Project("{8BC9CEB8-8B4A-11D0-8D11-00A0C91BC942}") = "QuantLibXLStatic", "..\QuantLibXL\qlxl\QuantLibXLStatic_vc8.vcproj", "{DADFEC4C-A850-4312-8146-FB9BCC19CE92}"
	ProjectSection(ProjectDependencies) = postProject
		{CAB8330C-6424-4455-9285-3654587EF71F} = {CAB8330C-6424-4455-9285-3654587EF71F}
		{C8A6BB98-75CA-4EB9-A750-8BA3B3AA5969} = {C8A6BB98-75CA-4EB9-A750-8BA3B3AA5969}
	EndProjectSection
EndProject
Project("{8BC9CEB8-8B4A-11D0-8D11-00A0C91BC942}") = "QuantLibXLDynamic", "..\QuantLibXL\qlxl\QuantLibXLDynamic_vc8.vcproj", "{AD2B301F-9217-467C-A5C2-DFF8A715D394}"
	ProjectSection(ProjectDependencies) = postProject
		{CAB8330C-6424-4455-9285-3654587EF71F} = {CAB8330C-6424-4455-9285-3654587EF71F}
		{C8A6BB98-75CA-4EB9-A750-8BA3B3AA5969} = {C8A6BB98-75CA-4EB9-A750-8BA3B3AA5969}
	EndProjectSection
EndProject
Project("{8BC9CEB8-8B4A-11D0-8D11-00A0C91BC942}") = "docs-QuantLibAddin", "Docs\docs-QuantLibAddin_vc8.vcproj", "{3A1AC508-8F57-4318-AC89-EE55513FE506}"
	ProjectSection(ProjectDependencies) = postProject
		{C8A6BB98-75CA-4EB9-A750-8BA3B3AA5969} = {C8A6BB98-75CA-4EB9-A750-8BA3B3AA5969}
	EndProjectSection
EndProject
Project("{8BC9CEB8-8B4A-11D0-8D11-00A0C91BC942}") = "docs-QuantLibXL", "..\QuantLibXL\Docs\docs-QuantLibXL_vc8.vcproj", "{A7768A12-75ED-480C-825A-BC70105281BC}"
	ProjectSection(ProjectDependencies) = postProject
		{C8A6BB98-75CA-4EB9-A750-8BA3B3AA5969} = {C8A6BB98-75CA-4EB9-A750-8BA3B3AA5969}
	EndProjectSection
EndProject
Project("{8BC9CEB8-8B4A-11D0-8D11-00A0C91BC942}") = "qlgensrc", "gensrc\qlgensrc_vc8.vcproj", "{C8A6BB98-75CA-4EB9-A750-8BA3B3AA5969}"
EndProject
Project("{8BC9CEB8-8B4A-11D0-8D11-00A0C91BC942}") = "AddinCpp", "Addins\Cpp\AddinCpp_vc8.vcproj", "{E5C1A173-2885-4BAB-905B-F9521ACB8E31}"
	ProjectSection(ProjectDependencies) = postProject
		{CAB8330C-6424-4455-9285-3654587EF71F} = {CAB8330C-6424-4455-9285-3654587EF71F}
	EndProjectSection
EndProject
Global
	GlobalSection(SolutionConfigurationPlatforms) = preSolution
		All|Win32 = All|Win32
		Debug CRTDLL|Win32 = Debug CRTDLL|Win32
		Debug|Win32 = Debug|Win32
		Release CRTDLL|Win32 = Release CRTDLL|Win32
		Release|Win32 = Release|Win32
	EndGlobalSection
	GlobalSection(ProjectConfigurationPlatforms) = postSolution
		{ACCA0906-34AF-4CC4-8426-C3EF41315BF5}.All|Win32.ActiveCfg = Debug CRTDLL|Win32
		{ACCA0906-34AF-4CC4-8426-C3EF41315BF5}.All|Win32.Build.0 = Debug CRTDLL|Win32
		{ACCA0906-34AF-4CC4-8426-C3EF41315BF5}.Debug CRTDLL|Win32.ActiveCfg = Debug CRTDLL|Win32
		{ACCA0906-34AF-4CC4-8426-C3EF41315BF5}.Debug CRTDLL|Win32.Build.0 = Debug CRTDLL|Win32
		{ACCA0906-34AF-4CC4-8426-C3EF41315BF5}.Debug|Win32.ActiveCfg = Debug|Win32
		{ACCA0906-34AF-4CC4-8426-C3EF41315BF5}.Debug|Win32.Build.0 = Debug|Win32
		{ACCA0906-34AF-4CC4-8426-C3EF41315BF5}.Release CRTDLL|Win32.ActiveCfg = Release CRTDLL|Win32
		{ACCA0906-34AF-4CC4-8426-C3EF41315BF5}.Release CRTDLL|Win32.Build.0 = Release CRTDLL|Win32
		{ACCA0906-34AF-4CC4-8426-C3EF41315BF5}.Release|Win32.ActiveCfg = Release|Win32
		{ACCA0906-34AF-4CC4-8426-C3EF41315BF5}.Release|Win32.Build.0 = Release|Win32
		{10DC0D9D-ABB3-4737-B14D-4FFAD4810A72}.All|Win32.ActiveCfg = Debug CRTDLL|Win32
		{10DC0D9D-ABB3-4737-B14D-4FFAD4810A72}.All|Win32.Build.0 = Debug CRTDLL|Win32
		{10DC0D9D-ABB3-4737-B14D-4FFAD4810A72}.Debug CRTDLL|Win32.ActiveCfg = Debug CRTDLL|Win32
		{10DC0D9D-ABB3-4737-B14D-4FFAD4810A72}.Debug|Win32.ActiveCfg = Debug CRTDLL|Win32
		{10DC0D9D-ABB3-4737-B14D-4FFAD4810A72}.Release CRTDLL|Win32.ActiveCfg = Debug CRTDLL|Win32
		{10DC0D9D-ABB3-4737-B14D-4FFAD4810A72}.Release|Win32.ActiveCfg = Debug CRTDLL|Win32
		{B598DA76-9F89-4F2D-97D0-54C34C1E3CB4}.All|Win32.ActiveCfg = Debug CRTDLL|Win32
		{B598DA76-9F89-4F2D-97D0-54C34C1E3CB4}.All|Win32.Build.0 = Debug CRTDLL|Win32
		{B598DA76-9F89-4F2D-97D0-54C34C1E3CB4}.Debug CRTDLL|Win32.ActiveCfg = Debug CRTDLL|Win32
		{B598DA76-9F89-4F2D-97D0-54C34C1E3CB4}.Debug CRTDLL|Win32.Build.0 = Debug CRTDLL|Win32
		{B598DA76-9F89-4F2D-97D0-54C34C1E3CB4}.Debug|Win32.ActiveCfg = Debug|Win32
		{B598DA76-9F89-4F2D-97D0-54C34C1E3CB4}.Debug|Win32.Build.0 = Debug|Win32
		{B598DA76-9F89-4F2D-97D0-54C34C1E3CB4}.Release CRTDLL|Win32.ActiveCfg = Release CRTDLL|Win32
		{B598DA76-9F89-4F2D-97D0-54C34C1E3CB4}.Release CRTDLL|Win32.Build.0 = Release CRTDLL|Win32
		{B598DA76-9F89-4F2D-97D0-54C34C1E3CB4}.Release|Win32.ActiveCfg = Release|Win32
		{B598DA76-9F89-4F2D-97D0-54C34C1E3CB4}.Release|Win32.Build.0 = Release|Win32
		{8F04F015-23CA-4D7E-83BE-FF9371D3964D}.All|Win32.ActiveCfg = Release CRTDLL|Win32
		{8F04F015-23CA-4D7E-83BE-FF9371D3964D}.All|Win32.Build.0 = Release CRTDLL|Win32
		{8F04F015-23CA-4D7E-83BE-FF9371D3964D}.Debug CRTDLL|Win32.ActiveCfg = Debug CRTDLL|Win32
		{8F04F015-23CA-4D7E-83BE-FF9371D3964D}.Debug CRTDLL|Win32.Build.0 = Debug CRTDLL|Win32
		{8F04F015-23CA-4D7E-83BE-FF9371D3964D}.Debug|Win32.ActiveCfg = Debug|Win32
		{8F04F015-23CA-4D7E-83BE-FF9371D3964D}.Debug|Win32.Build.0 = Debug|Win32
		{8F04F015-23CA-4D7E-83BE-FF9371D3964D}.Release CRTDLL|Win32.ActiveCfg = Release CRTDLL|Win32
		{8F04F015-23CA-4D7E-83BE-FF9371D3964D}.Release CRTDLL|Win32.Build.0 = Release CRTDLL|Win32
		{8F04F015-23CA-4D7E-83BE-FF9371D3964D}.Release|Win32.ActiveCfg = Release|Win32
		{8F04F015-23CA-4D7E-83BE-FF9371D3964D}.Release|Win32.Build.0 = Release|Win32
		{CAB8330C-6424-4455-9285-3654587EF71F}.All|Win32.ActiveCfg = Debug CRTDLL|Win32
		{CAB8330C-6424-4455-9285-3654587EF71F}.All|Win32.Build.0 = Debug CRTDLL|Win32
		{CAB8330C-6424-4455-9285-3654587EF71F}.Debug CRTDLL|Win32.ActiveCfg = Debug CRTDLL|Win32
		{CAB8330C-6424-4455-9285-3654587EF71F}.Debug CRTDLL|Win32.Build.0 = Debug CRTDLL|Win32
		{CAB8330C-6424-4455-9285-3654587EF71F}.Debug|Win32.ActiveCfg = Debug|Win32
		{CAB8330C-6424-4455-9285-3654587EF71F}.Debug|Win32.Build.0 = Debug|Win32
		{CAB8330C-6424-4455-9285-3654587EF71F}.Release CRTDLL|Win32.ActiveCfg = Release CRTDLL|Win32
		{CAB8330C-6424-4455-9285-3654587EF71F}.Release CRTDLL|Win32.Build.0 = Release CRTDLL|Win32
		{CAB8330C-6424-4455-9285-3654587EF71F}.Release|Win32.ActiveCfg = Release|Win32
		{CAB8330C-6424-4455-9285-3654587EF71F}.Release|Win32.Build.0 = Release|Win32
		{DADFEC4C-A850-4312-8146-FB9BCC19CE92}.All|Win32.ActiveCfg = Release CRTDLL|Win32
		{DADFEC4C-A850-4312-8146-FB9BCC19CE92}.All|Win32.Build.0 = Release CRTDLL|Win32
		{DADFEC4C-A850-4312-8146-FB9BCC19CE92}.Debug CRTDLL|Win32.ActiveCfg = Debug CRTDLL|Win32
		{DADFEC4C-A850-4312-8146-FB9BCC19CE92}.Debug CRTDLL|Win32.Build.0 = Debug CRTDLL|Win32
		{DADFEC4C-A850-4312-8146-FB9BCC19CE92}.Debug|Win32.ActiveCfg = Debug|Win32
		{DADFEC4C-A850-4312-8146-FB9BCC19CE92}.Debug|Win32.Build.0 = Debug|Win32
		{DADFEC4C-A850-4312-8146-FB9BCC19CE92}.Release CRTDLL|Win32.ActiveCfg = Release CRTDLL|Win32
		{DADFEC4C-A850-4312-8146-FB9BCC19CE92}.Release CRTDLL|Win32.Build.0 = Release CRTDLL|Win32
		{DADFEC4C-A850-4312-8146-FB9BCC19CE92}.Release|Win32.ActiveCfg = Release|Win32
		{DADFEC4C-A850-4312-8146-FB9BCC19CE92}.Release|Win32.Build.0 = Release|Win32
		{AD2B301F-9217-467C-A5C2-DFF8A715D394}.All|Win32.ActiveCfg = All|Win32
		{AD2B301F-9217-467C-A5C2-DFF8A715D394}.All|Win32.Build.0 = All|Win32
		{AD2B301F-9217-467C-A5C2-DFF8A715D394}.Debug CRTDLL|Win32.ActiveCfg = Debug CRTDLL|Win32
		{AD2B301F-9217-467C-A5C2-DFF8A715D394}.Debug CRTDLL|Win32.Build.0 = Debug CRTDLL|Win32
		{AD2B301F-9217-467C-A5C2-DFF8A715D394}.Debug|Win32.ActiveCfg = Debug CRTDLL|Win32
		{AD2B301F-9217-467C-A5C2-DFF8A715D394}.Release CRTDLL|Win32.ActiveCfg = Release CRTDLL|Win32
		{AD2B301F-9217-467C-A5C2-DFF8A715D394}.Release CRTDLL|Win32.Build.0 = Release CRTDLL|Win32
		{AD2B301F-9217-467C-A5C2-DFF8A715D394}.Release|Win32.ActiveCfg = Release CRTDLL|Win32
		{3A1AC508-8F57-4318-AC89-EE55513FE506}.All|Win32.ActiveCfg = All|Win32
		{3A1AC508-8F57-4318-AC89-EE55513FE506}.All|Win32.Build.0 = All|Win32
		{3A1AC508-8F57-4318-AC89-EE55513FE506}.Debug CRTDLL|Win32.ActiveCfg = All|Win32
		{3A1AC508-8F57-4318-AC89-EE55513FE506}.Debug CRTDLL|Win32.Build.0 = All|Win32
		{3A1AC508-8F57-4318-AC89-EE55513FE506}.Debug|Win32.ActiveCfg = All|Win32
		{3A1AC508-8F57-4318-AC89-EE55513FE506}.Debug|Win32.Build.0 = All|Win32
		{3A1AC508-8F57-4318-AC89-EE55513FE506}.Release CRTDLL|Win32.ActiveCfg = All|Win32
		{3A1AC508-8F57-4318-AC89-EE55513FE506}.Release CRTDLL|Win32.Build.0 = All|Win32
		{3A1AC508-8F57-4318-AC89-EE55513FE506}.Release|Win32.ActiveCfg = All|Win32
		{3A1AC508-8F57-4318-AC89-EE55513FE506}.Release|Win32.Build.0 = All|Win32
		{A7768A12-75ED-480C-825A-BC70105281BC}.All|Win32.ActiveCfg = All|Win32
		{A7768A12-75ED-480C-825A-BC70105281BC}.All|Win32.Build.0 = All|Win32
		{A7768A12-75ED-480C-825A-BC70105281BC}.Debug CRTDLL|Win32.ActiveCfg = All|Win32
		{A7768A12-75ED-480C-825A-BC70105281BC}.Debug CRTDLL|Win32.Build.0 = All|Win32
		{A7768A12-75ED-480C-825A-BC70105281BC}.Debug|Win32.ActiveCfg = All|Win32
		{A7768A12-75ED-480C-825A-BC70105281BC}.Debug|Win32.Build.0 = All|Win32
		{A7768A12-75ED-480C-825A-BC70105281BC}.Release CRTDLL|Win32.ActiveCfg = All|Win32
		{A7768A12-75ED-480C-825A-BC70105281BC}.Release CRTDLL|Win32.Build.0 = All|Win32
		{A7768A12-75ED-480C-825A-BC70105281BC}.Release|Win32.ActiveCfg = All|Win32
		{A7768A12-75ED-480C-825A-BC70105281BC}.Release|Win32.Build.0 = All|Win32
		{C8A6BB98-75CA-4EB9-A750-8BA3B3AA5969}.All|Win32.ActiveCfg = All|Win32
		{C8A6BB98-75CA-4EB9-A750-8BA3B3AA5969}.All|Win32.Build.0 = All|Win32
		{C8A6BB98-75CA-4EB9-A750-8BA3B3AA5969}.Debug CRTDLL|Win32.ActiveCfg = All|Win32
		{C8A6BB98-75CA-4EB9-A750-8BA3B3AA5969}.Debug CRTDLL|Win32.Build.0 = All|Win32
		{C8A6BB98-75CA-4EB9-A750-8BA3B3AA5969}.Debug|Win32.ActiveCfg = All|Win32
		{C8A6BB98-75CA-4EB9-A750-8BA3B3AA5969}.Debug|Win32.Build.0 = All|Win32
		{C8A6BB98-75CA-4EB9-A750-8BA3B3AA5969}.Release CRTDLL|Win32.ActiveCfg = All|Win32
		{C8A6BB98-75CA-4EB9-A750-8BA3B3AA5969}.Release CRTDLL|Win32.Build.0 = All|Win32
		{C8A6BB98-75CA-4EB9-A750-8BA3B3AA5969}.Release|Win32.ActiveCfg = All|Win32
		{C8A6BB98-75CA-4EB9-A750-8BA3B3AA5969}.Release|Win32.Build.0 = All|Win32
		{E5C1A173-2885-4BAB-905B-F9521ACB8E31}.All|Win32.ActiveCfg = Release|Win32
		{E5C1A173-2885-4BAB-905B-F9521ACB8E31}.All|Win32.Build.0 = Release|Win32
		{E5C1A173-2885-4BAB-905B-F9521ACB8E31}.Debug CRTDLL|Win32.ActiveCfg = Debug CRTDLL|Win32
		{E5C1A173-2885-4BAB-905B-F9521ACB8E31}.Debug CRTDLL|Win32.Build.0 = Debug CRTDLL|Win32
		{E5C1A173-2885-4BAB-905B-F9521ACB8E31}.Debug|Win32.ActiveCfg = Debug|Win32
		{E5C1A173-2885-4BAB-905B-F9521ACB8E31}.Debug|Win32.Build.0 = Debug|Win32
		{E5C1A173-2885-4BAB-905B-F9521ACB8E31}.Release CRTDLL|Win32.ActiveCfg = Release CRTDLL|Win32
		{E5C1A173-2885-4BAB-905B-F9521ACB8E31}.Release CRTDLL|Win32.Build.0 = Release CRTDLL|Win32
		{E5C1A173-2885-4BAB-905B-F9521ACB8E31}.Release|Win32.ActiveCfg = Release|Win32
		{E5C1A173-2885-4BAB-905B-F9521ACB8E31}.Release|Win32.Build.0 = Release|Win32
	EndGlobalSection
	GlobalSection(SolutionProperties) = preSolution
		HideSolutionNode = FALSE
	EndGlobalSection
EndGlobal
