Microsoft Visual Studio Solution File, Format Version 8.00
Project("{8BC9CEB8-8B4A-11D0-8D11-00A0C91BC942}") = "AddinCalc", "Addins\Calc\AddinCalc_vc7.vcproj", "{D8B630DB-69ED-455C-AC79-22903E750175}"
	ProjectSection(ProjectDependencies) = postProject
		{6A4CC8C6-BE43-4571-B261-037E56A7A38D} = {6A4CC8C6-BE43-4571-B261-037E56A7A38D}
	EndProjectSection
EndProject
Project("{8BC9CEB8-8B4A-11D0-8D11-00A0C91BC942}") = "ClientCppDemo", "Clients\Cpp\ClientCppDemo_vc7.vcproj", "{88B70320-57E9-47B5-9298-881B79789139}"
	ProjectSection(ProjectDependencies) = postProject
		{A6C5CC98-9224-4684-AA25-FB1A7B674A6F} = {A6C5CC98-9224-4684-AA25-FB1A7B674A6F}
		{6A4CC8C6-BE43-4571-B261-037E56A7A38D} = {6A4CC8C6-BE43-4571-B261-037E56A7A38D}
	EndProjectSection
EndProject
Project("{8BC9CEB8-8B4A-11D0-8D11-00A0C91BC942}") = "QuantLibObjects", "QuantLibObjects_vc7.vcproj", "{6A4CC8C6-BE43-4571-B261-037E56A7A38D}"
	ProjectSection(ProjectDependencies) = postProject
		{A4ABBD25-4E75-4BC7-8274-C5A07C9BD521} = {A4ABBD25-4E75-4BC7-8274-C5A07C9BD521}
		{19C36A53-51F2-4951-9A38-CCF6A250814F} = {19C36A53-51F2-4951-9A38-CCF6A250814F}
	EndProjectSection
EndProject
Project("{8BC9CEB8-8B4A-11D0-8D11-00A0C91BC942}") = "QuantLibXLStatic", "..\QuantLibXL\qlxl\QuantLibXLStatic_vc7.vcproj", "{AA73F007-F040-4A6F-A47A-3099DA0DECA4}"
	ProjectSection(ProjectDependencies) = postProject
		{19C36A53-51F2-4951-9A38-CCF6A250814F} = {19C36A53-51F2-4951-9A38-CCF6A250814F}
		{6A4CC8C6-BE43-4571-B261-037E56A7A38D} = {6A4CC8C6-BE43-4571-B261-037E56A7A38D}
	EndProjectSection
EndProject
Project("{8BC9CEB8-8B4A-11D0-8D11-00A0C91BC942}") = "QuantLibXLDynamic", "..\QuantLibXL\qlxl\QuantLibXLDynamic_vc7.vcproj", "{9E0570ED-D487-4550-B8BC-5A26EA49A6FD}"
	ProjectSection(ProjectDependencies) = postProject
		{19C36A53-51F2-4951-9A38-CCF6A250814F} = {19C36A53-51F2-4951-9A38-CCF6A250814F}
		{6A4CC8C6-BE43-4571-B261-037E56A7A38D} = {6A4CC8C6-BE43-4571-B261-037E56A7A38D}
	EndProjectSection
EndProject
Project("{8BC9CEB8-8B4A-11D0-8D11-00A0C91BC942}") = "docs-QuantLibAddin", "Docs\docs-QuantLibAddin_vc7.vcproj", "{60E2EF10-4F8A-4745-81B2-363115E9A31A}"
	ProjectSection(ProjectDependencies) = postProject
		{19C36A53-51F2-4951-9A38-CCF6A250814F} = {19C36A53-51F2-4951-9A38-CCF6A250814F}
	EndProjectSection
EndProject
Project("{8BC9CEB8-8B4A-11D0-8D11-00A0C91BC942}") = "docs-QuantLibXL", "..\QuantLibXL\Docs\docs-QuantLibXL_vc7.vcproj", "{9B662676-2C96-42DC-88E2-15F3E79D66B4}"
	ProjectSection(ProjectDependencies) = postProject
		{19C36A53-51F2-4951-9A38-CCF6A250814F} = {19C36A53-51F2-4951-9A38-CCF6A250814F}
	EndProjectSection
EndProject
Project("{8BC9CEB8-8B4A-11D0-8D11-00A0C91BC942}") = "qlgensrc", "gensrc\qlgensrc_vc7.vcproj", "{19C36A53-51F2-4951-9A38-CCF6A250814F}"
	ProjectSection(ProjectDependencies) = postProject
	EndProjectSection
EndProject
Project("{8BC9CEB8-8B4A-11D0-8D11-00A0C91BC942}") = "AddinCpp", "Addins\Cpp\AddinCpp_vc7.vcproj", "{A6C5CC98-9224-4684-AA25-FB1A7B674A6F}"
	ProjectSection(ProjectDependencies) = postProject
		{6A4CC8C6-BE43-4571-B261-037E56A7A38D} = {6A4CC8C6-BE43-4571-B261-037E56A7A38D}
	EndProjectSection
EndProject
Project("{8BC9CEB8-8B4A-11D0-8D11-00A0C91BC942}") = "apr", "..\log4cxx\msvc\apr_vc7.vcproj", "{D0809B1F-8C0A-4940-9464-4F94CECDD12A}"
	ProjectSection(ProjectDependencies) = postProject
	EndProjectSection
EndProject
Project("{8BC9CEB8-8B4A-11D0-8D11-00A0C91BC942}") = "aprutil", "..\log4cxx\msvc\aprutil_vc7.vcproj", "{CBE5793C-6136-4922-84EB-F99EC50CB5FE}"
	ProjectSection(ProjectDependencies) = postProject
	EndProjectSection
EndProject
Project("{8BC9CEB8-8B4A-11D0-8D11-00A0C91BC942}") = "log4cxx", "..\log4cxx\msvc\log4cxx_vc7.vcproj", "{A4ABBD25-4E75-4BC7-8274-C5A07C9BD521}"
	ProjectSection(ProjectDependencies) = postProject
		{D0809B1F-8C0A-4940-9464-4F94CECDD12A} = {D0809B1F-8C0A-4940-9464-4F94CECDD12A}
		{CBE5793C-6136-4922-84EB-F99EC50CB5FE} = {CBE5793C-6136-4922-84EB-F99EC50CB5FE}
	EndProjectSection
EndProject
Global
	GlobalSection(SolutionConfiguration) = preSolution
		All = All
		Debug = Debug
		Debug CRTDLL = Debug CRTDLL
		Debug SingleThread = Debug SingleThread
		Release = Release
		Release CRTDLL = Release CRTDLL
		Release SingleThread = Release SingleThread
	EndGlobalSection
	GlobalSection(ProjectConfiguration) = postSolution
		{D8B630DB-69ED-455C-AC79-22903E750175}.All.ActiveCfg = Release CRTDLL|Win32
		{D8B630DB-69ED-455C-AC79-22903E750175}.Debug.ActiveCfg = Release CRTDLL|Win32
		{D8B630DB-69ED-455C-AC79-22903E750175}.Debug CRTDLL.ActiveCfg = Release CRTDLL|Win32
		{D8B630DB-69ED-455C-AC79-22903E750175}.Debug SingleThread.ActiveCfg = Release CRTDLL|Win32
		{D8B630DB-69ED-455C-AC79-22903E750175}.Release.ActiveCfg = Release CRTDLL|Win32
		{D8B630DB-69ED-455C-AC79-22903E750175}.Release CRTDLL.ActiveCfg = Release CRTDLL|Win32
		{D8B630DB-69ED-455C-AC79-22903E750175}.Release CRTDLL.Build.0 = Release CRTDLL|Win32
		{D8B630DB-69ED-455C-AC79-22903E750175}.Release SingleThread.ActiveCfg = Release CRTDLL|Win32
		{88B70320-57E9-47B5-9298-881B79789139}.All.ActiveCfg = Release CRTDLL|Win32
		{88B70320-57E9-47B5-9298-881B79789139}.Debug.ActiveCfg = Debug|Win32
		{88B70320-57E9-47B5-9298-881B79789139}.Debug.Build.0 = Debug|Win32
		{88B70320-57E9-47B5-9298-881B79789139}.Debug CRTDLL.ActiveCfg = Debug CRTDLL|Win32
		{88B70320-57E9-47B5-9298-881B79789139}.Debug CRTDLL.Build.0 = Debug CRTDLL|Win32
		{88B70320-57E9-47B5-9298-881B79789139}.Debug SingleThread.ActiveCfg = Debug SingleThread|Win32
		{88B70320-57E9-47B5-9298-881B79789139}.Debug SingleThread.Build.0 = Debug SingleThread|Win32
		{88B70320-57E9-47B5-9298-881B79789139}.Release.ActiveCfg = Release|Win32
		{88B70320-57E9-47B5-9298-881B79789139}.Release.Build.0 = Release|Win32
		{88B70320-57E9-47B5-9298-881B79789139}.Release CRTDLL.ActiveCfg = Release CRTDLL|Win32
		{88B70320-57E9-47B5-9298-881B79789139}.Release CRTDLL.Build.0 = Release CRTDLL|Win32
		{88B70320-57E9-47B5-9298-881B79789139}.Release SingleThread.ActiveCfg = Release SingleThread|Win32
		{88B70320-57E9-47B5-9298-881B79789139}.Release SingleThread.Build.0 = Release SingleThread|Win32
		{6A4CC8C6-BE43-4571-B261-037E56A7A38D}.All.ActiveCfg = Release CRTDLL|Win32
		{6A4CC8C6-BE43-4571-B261-037E56A7A38D}.Debug.ActiveCfg = Debug|Win32
		{6A4CC8C6-BE43-4571-B261-037E56A7A38D}.Debug.Build.0 = Debug|Win32
		{6A4CC8C6-BE43-4571-B261-037E56A7A38D}.Debug CRTDLL.ActiveCfg = Debug CRTDLL|Win32
		{6A4CC8C6-BE43-4571-B261-037E56A7A38D}.Debug CRTDLL.Build.0 = Debug CRTDLL|Win32
		{6A4CC8C6-BE43-4571-B261-037E56A7A38D}.Debug SingleThread.ActiveCfg = Debug SingleThread|Win32
		{6A4CC8C6-BE43-4571-B261-037E56A7A38D}.Debug SingleThread.Build.0 = Debug SingleThread|Win32
		{6A4CC8C6-BE43-4571-B261-037E56A7A38D}.Release.ActiveCfg = Release|Win32
		{6A4CC8C6-BE43-4571-B261-037E56A7A38D}.Release.Build.0 = Release|Win32
		{6A4CC8C6-BE43-4571-B261-037E56A7A38D}.Release CRTDLL.ActiveCfg = Release CRTDLL|Win32
		{6A4CC8C6-BE43-4571-B261-037E56A7A38D}.Release CRTDLL.Build.0 = Release CRTDLL|Win32
		{6A4CC8C6-BE43-4571-B261-037E56A7A38D}.Release SingleThread.ActiveCfg = Release SingleThread|Win32
		{6A4CC8C6-BE43-4571-B261-037E56A7A38D}.Release SingleThread.Build.0 = Release SingleThread|Win32
		{AA73F007-F040-4A6F-A47A-3099DA0DECA4}.All.ActiveCfg = Release CRTDLL|Win32
		{AA73F007-F040-4A6F-A47A-3099DA0DECA4}.Debug.ActiveCfg = Debug|Win32
		{AA73F007-F040-4A6F-A47A-3099DA0DECA4}.Debug.Build.0 = Debug|Win32
		{AA73F007-F040-4A6F-A47A-3099DA0DECA4}.Debug CRTDLL.ActiveCfg = Debug CRTDLL|Win32
		{AA73F007-F040-4A6F-A47A-3099DA0DECA4}.Debug CRTDLL.Build.0 = Debug CRTDLL|Win32
		{AA73F007-F040-4A6F-A47A-3099DA0DECA4}.Debug SingleThread.ActiveCfg = Debug SingleThread|Win32
		{AA73F007-F040-4A6F-A47A-3099DA0DECA4}.Debug SingleThread.Build.0 = Debug SingleThread|Win32
		{AA73F007-F040-4A6F-A47A-3099DA0DECA4}.Release.ActiveCfg = Release|Win32
		{AA73F007-F040-4A6F-A47A-3099DA0DECA4}.Release.Build.0 = Release|Win32
		{AA73F007-F040-4A6F-A47A-3099DA0DECA4}.Release CRTDLL.ActiveCfg = Release CRTDLL|Win32
		{AA73F007-F040-4A6F-A47A-3099DA0DECA4}.Release CRTDLL.Build.0 = Release CRTDLL|Win32
		{AA73F007-F040-4A6F-A47A-3099DA0DECA4}.Release SingleThread.ActiveCfg = Release SingleThread|Win32
		{AA73F007-F040-4A6F-A47A-3099DA0DECA4}.Release SingleThread.Build.0 = Release SingleThread|Win32
		{9E0570ED-D487-4550-B8BC-5A26EA49A6FD}.All.ActiveCfg = Release CRTDLL|Win32
		{9E0570ED-D487-4550-B8BC-5A26EA49A6FD}.Debug.ActiveCfg = Debug CRTDLL|Win32
		{9E0570ED-D487-4550-B8BC-5A26EA49A6FD}.Debug CRTDLL.ActiveCfg = Debug CRTDLL|Win32
		{9E0570ED-D487-4550-B8BC-5A26EA49A6FD}.Debug CRTDLL.Build.0 = Debug CRTDLL|Win32
		{9E0570ED-D487-4550-B8BC-5A26EA49A6FD}.Debug SingleThread.ActiveCfg = Debug CRTDLL|Win32
		{9E0570ED-D487-4550-B8BC-5A26EA49A6FD}.Release.ActiveCfg = Release CRTDLL|Win32
		{9E0570ED-D487-4550-B8BC-5A26EA49A6FD}.Release CRTDLL.ActiveCfg = Release CRTDLL|Win32
		{9E0570ED-D487-4550-B8BC-5A26EA49A6FD}.Release CRTDLL.Build.0 = Release CRTDLL|Win32
		{9E0570ED-D487-4550-B8BC-5A26EA49A6FD}.Release SingleThread.ActiveCfg = Release CRTDLL|Win32
		{60E2EF10-4F8A-4745-81B2-363115E9A31A}.All.ActiveCfg = All|Win32
		{60E2EF10-4F8A-4745-81B2-363115E9A31A}.All.Build.0 = All|Win32
		{60E2EF10-4F8A-4745-81B2-363115E9A31A}.Debug.ActiveCfg = All|Win32
		{60E2EF10-4F8A-4745-81B2-363115E9A31A}.Debug.Build.0 = All|Win32
		{60E2EF10-4F8A-4745-81B2-363115E9A31A}.Debug CRTDLL.ActiveCfg = All|Win32
		{60E2EF10-4F8A-4745-81B2-363115E9A31A}.Debug CRTDLL.Build.0 = All|Win32
		{60E2EF10-4F8A-4745-81B2-363115E9A31A}.Debug SingleThread.ActiveCfg = All|Win32
		{60E2EF10-4F8A-4745-81B2-363115E9A31A}.Debug SingleThread.Build.0 = All|Win32
		{60E2EF10-4F8A-4745-81B2-363115E9A31A}.Release.ActiveCfg = All|Win32
		{60E2EF10-4F8A-4745-81B2-363115E9A31A}.Release.Build.0 = All|Win32
		{60E2EF10-4F8A-4745-81B2-363115E9A31A}.Release CRTDLL.ActiveCfg = All|Win32
		{60E2EF10-4F8A-4745-81B2-363115E9A31A}.Release CRTDLL.Build.0 = All|Win32
		{60E2EF10-4F8A-4745-81B2-363115E9A31A}.Release SingleThread.ActiveCfg = All|Win32
		{60E2EF10-4F8A-4745-81B2-363115E9A31A}.Release SingleThread.Build.0 = All|Win32
		{9B662676-2C96-42DC-88E2-15F3E79D66B4}.All.ActiveCfg = All|Win32
		{9B662676-2C96-42DC-88E2-15F3E79D66B4}.All.Build.0 = All|Win32
		{9B662676-2C96-42DC-88E2-15F3E79D66B4}.Debug.ActiveCfg = All|Win32
		{9B662676-2C96-42DC-88E2-15F3E79D66B4}.Debug.Build.0 = All|Win32
		{9B662676-2C96-42DC-88E2-15F3E79D66B4}.Debug CRTDLL.ActiveCfg = All|Win32
		{9B662676-2C96-42DC-88E2-15F3E79D66B4}.Debug CRTDLL.Build.0 = All|Win32
		{9B662676-2C96-42DC-88E2-15F3E79D66B4}.Debug SingleThread.ActiveCfg = All|Win32
		{9B662676-2C96-42DC-88E2-15F3E79D66B4}.Debug SingleThread.Build.0 = All|Win32
		{9B662676-2C96-42DC-88E2-15F3E79D66B4}.Release.ActiveCfg = All|Win32
		{9B662676-2C96-42DC-88E2-15F3E79D66B4}.Release.Build.0 = All|Win32
		{9B662676-2C96-42DC-88E2-15F3E79D66B4}.Release CRTDLL.ActiveCfg = All|Win32
		{9B662676-2C96-42DC-88E2-15F3E79D66B4}.Release CRTDLL.Build.0 = All|Win32
		{9B662676-2C96-42DC-88E2-15F3E79D66B4}.Release SingleThread.ActiveCfg = All|Win32
		{9B662676-2C96-42DC-88E2-15F3E79D66B4}.Release SingleThread.Build.0 = All|Win32
		{19C36A53-51F2-4951-9A38-CCF6A250814F}.All.ActiveCfg = All|Win32
		{19C36A53-51F2-4951-9A38-CCF6A250814F}.All.Build.0 = All|Win32
		{19C36A53-51F2-4951-9A38-CCF6A250814F}.Debug.ActiveCfg = All|Win32
		{19C36A53-51F2-4951-9A38-CCF6A250814F}.Debug.Build.0 = All|Win32
		{19C36A53-51F2-4951-9A38-CCF6A250814F}.Debug CRTDLL.ActiveCfg = All|Win32
		{19C36A53-51F2-4951-9A38-CCF6A250814F}.Debug CRTDLL.Build.0 = All|Win32
		{19C36A53-51F2-4951-9A38-CCF6A250814F}.Debug SingleThread.ActiveCfg = All|Win32
		{19C36A53-51F2-4951-9A38-CCF6A250814F}.Debug SingleThread.Build.0 = All|Win32
		{19C36A53-51F2-4951-9A38-CCF6A250814F}.Release.ActiveCfg = All|Win32
		{19C36A53-51F2-4951-9A38-CCF6A250814F}.Release.Build.0 = All|Win32
		{19C36A53-51F2-4951-9A38-CCF6A250814F}.Release CRTDLL.ActiveCfg = All|Win32
		{19C36A53-51F2-4951-9A38-CCF6A250814F}.Release CRTDLL.Build.0 = All|Win32
		{19C36A53-51F2-4951-9A38-CCF6A250814F}.Release SingleThread.ActiveCfg = All|Win32
		{19C36A53-51F2-4951-9A38-CCF6A250814F}.Release SingleThread.Build.0 = All|Win32
		{A6C5CC98-9224-4684-AA25-FB1A7B674A6F}.All.ActiveCfg = Release CRTDLL|Win32
		{A6C5CC98-9224-4684-AA25-FB1A7B674A6F}.Debug.ActiveCfg = Debug|Win32
		{A6C5CC98-9224-4684-AA25-FB1A7B674A6F}.Debug.Build.0 = Debug|Win32
		{A6C5CC98-9224-4684-AA25-FB1A7B674A6F}.Debug CRTDLL.ActiveCfg = Debug CRTDLL|Win32
		{A6C5CC98-9224-4684-AA25-FB1A7B674A6F}.Debug CRTDLL.Build.0 = Debug CRTDLL|Win32
		{A6C5CC98-9224-4684-AA25-FB1A7B674A6F}.Debug SingleThread.ActiveCfg = Debug SingleThread|Win32
		{A6C5CC98-9224-4684-AA25-FB1A7B674A6F}.Debug SingleThread.Build.0 = Debug SingleThread|Win32
		{A6C5CC98-9224-4684-AA25-FB1A7B674A6F}.Release.ActiveCfg = Release|Win32
		{A6C5CC98-9224-4684-AA25-FB1A7B674A6F}.Release.Build.0 = Release|Win32
		{A6C5CC98-9224-4684-AA25-FB1A7B674A6F}.Release CRTDLL.ActiveCfg = Release CRTDLL|Win32
		{A6C5CC98-9224-4684-AA25-FB1A7B674A6F}.Release CRTDLL.Build.0 = Release CRTDLL|Win32
		{A6C5CC98-9224-4684-AA25-FB1A7B674A6F}.Release SingleThread.ActiveCfg = Release SingleThread|Win32
		{A6C5CC98-9224-4684-AA25-FB1A7B674A6F}.Release SingleThread.Build.0 = Release SingleThread|Win32
		{D0809B1F-8C0A-4940-9464-4F94CECDD12A}.All.ActiveCfg = Release SingleThread|Win32
		{D0809B1F-8C0A-4940-9464-4F94CECDD12A}.All.Build.0 = Release SingleThread|Win32
		{D0809B1F-8C0A-4940-9464-4F94CECDD12A}.Debug.ActiveCfg = Debug|Win32
		{D0809B1F-8C0A-4940-9464-4F94CECDD12A}.Debug.Build.0 = Debug|Win32
		{D0809B1F-8C0A-4940-9464-4F94CECDD12A}.Debug CRTDLL.ActiveCfg = Debug CRTDLL|Win32
		{D0809B1F-8C0A-4940-9464-4F94CECDD12A}.Debug CRTDLL.Build.0 = Debug CRTDLL|Win32
		{D0809B1F-8C0A-4940-9464-4F94CECDD12A}.Debug SingleThread.ActiveCfg = Debug SingleThread|Win32
		{D0809B1F-8C0A-4940-9464-4F94CECDD12A}.Debug SingleThread.Build.0 = Debug SingleThread|Win32
		{D0809B1F-8C0A-4940-9464-4F94CECDD12A}.Release.ActiveCfg = Release|Win32
		{D0809B1F-8C0A-4940-9464-4F94CECDD12A}.Release.Build.0 = Release|Win32
		{D0809B1F-8C0A-4940-9464-4F94CECDD12A}.Release CRTDLL.ActiveCfg = Release CRTDLL|Win32
		{D0809B1F-8C0A-4940-9464-4F94CECDD12A}.Release CRTDLL.Build.0 = Release CRTDLL|Win32
		{D0809B1F-8C0A-4940-9464-4F94CECDD12A}.Release SingleThread.ActiveCfg = Release SingleThread|Win32
		{D0809B1F-8C0A-4940-9464-4F94CECDD12A}.Release SingleThread.Build.0 = Release SingleThread|Win32
		{CBE5793C-6136-4922-84EB-F99EC50CB5FE}.All.ActiveCfg = Release SingleThread|Win32
		{CBE5793C-6136-4922-84EB-F99EC50CB5FE}.All.Build.0 = Release SingleThread|Win32
		{CBE5793C-6136-4922-84EB-F99EC50CB5FE}.Debug.ActiveCfg = Debug|Win32
		{CBE5793C-6136-4922-84EB-F99EC50CB5FE}.Debug.Build.0 = Debug|Win32
		{CBE5793C-6136-4922-84EB-F99EC50CB5FE}.Debug CRTDLL.ActiveCfg = Debug CRTDLL|Win32
		{CBE5793C-6136-4922-84EB-F99EC50CB5FE}.Debug CRTDLL.Build.0 = Debug CRTDLL|Win32
		{CBE5793C-6136-4922-84EB-F99EC50CB5FE}.Debug SingleThread.ActiveCfg = Debug SingleThread|Win32
		{CBE5793C-6136-4922-84EB-F99EC50CB5FE}.Debug SingleThread.Build.0 = Debug SingleThread|Win32
		{CBE5793C-6136-4922-84EB-F99EC50CB5FE}.Release.ActiveCfg = Release|Win32
		{CBE5793C-6136-4922-84EB-F99EC50CB5FE}.Release.Build.0 = Release|Win32
		{CBE5793C-6136-4922-84EB-F99EC50CB5FE}.Release CRTDLL.ActiveCfg = Release CRTDLL|Win32
		{CBE5793C-6136-4922-84EB-F99EC50CB5FE}.Release CRTDLL.Build.0 = Release CRTDLL|Win32
		{CBE5793C-6136-4922-84EB-F99EC50CB5FE}.Release SingleThread.ActiveCfg = Release SingleThread|Win32
		{CBE5793C-6136-4922-84EB-F99EC50CB5FE}.Release SingleThread.Build.0 = Release SingleThread|Win32
		{A4ABBD25-4E75-4BC7-8274-C5A07C9BD521}.All.ActiveCfg = Release SingleThread|Win32
		{A4ABBD25-4E75-4BC7-8274-C5A07C9BD521}.All.Build.0 = Release SingleThread|Win32
		{A4ABBD25-4E75-4BC7-8274-C5A07C9BD521}.Debug.ActiveCfg = Debug|Win32
		{A4ABBD25-4E75-4BC7-8274-C5A07C9BD521}.Debug.Build.0 = Debug|Win32
		{A4ABBD25-4E75-4BC7-8274-C5A07C9BD521}.Debug CRTDLL.ActiveCfg = Debug CRTDLL|Win32
		{A4ABBD25-4E75-4BC7-8274-C5A07C9BD521}.Debug CRTDLL.Build.0 = Debug CRTDLL|Win32
		{A4ABBD25-4E75-4BC7-8274-C5A07C9BD521}.Debug SingleThread.ActiveCfg = Debug SingleThread|Win32
		{A4ABBD25-4E75-4BC7-8274-C5A07C9BD521}.Debug SingleThread.Build.0 = Debug SingleThread|Win32
		{A4ABBD25-4E75-4BC7-8274-C5A07C9BD521}.Release.ActiveCfg = Release|Win32
		{A4ABBD25-4E75-4BC7-8274-C5A07C9BD521}.Release.Build.0 = Release|Win32
		{A4ABBD25-4E75-4BC7-8274-C5A07C9BD521}.Release CRTDLL.ActiveCfg = Release CRTDLL|Win32
		{A4ABBD25-4E75-4BC7-8274-C5A07C9BD521}.Release CRTDLL.Build.0 = Release CRTDLL|Win32
		{A4ABBD25-4E75-4BC7-8274-C5A07C9BD521}.Release SingleThread.ActiveCfg = Release SingleThread|Win32
		{A4ABBD25-4E75-4BC7-8274-C5A07C9BD521}.Release SingleThread.Build.0 = Release SingleThread|Win32
	EndGlobalSection
	GlobalSection(ExtensibilityGlobals) = postSolution
	EndGlobalSection
	GlobalSection(ExtensibilityAddIns) = postSolution
	EndGlobalSection
EndGlobal
