Microsoft Visual Studio Solution File, Format Version 8.00
Project("{8BC9CEB8-8B4A-11D0-8D11-00A0C91BC942}") = "AddinC", "Addins\C\AddinC.vcproj", "{B6325C7E-E94D-4CDB-A251-8731FE05E3FA}"
	ProjectSection(ProjectDependencies) = postProject
		{0F558933-31D3-4B6F-A608-A54D6DD1ACE8} = {0F558933-31D3-4B6F-A608-A54D6DD1ACE8}
	EndProjectSection
EndProject
Project("{8BC9CEB8-8B4A-11D0-8D11-00A0C91BC942}") = "AddinCalc", "Addins\Calc\AddinCalc.vcproj", "{F22DF0F4-F3D3-4D4D-98D0-B5174906643E}"
	ProjectSection(ProjectDependencies) = postProject
		{0F558933-31D3-4B6F-A608-A54D6DD1ACE8} = {0F558933-31D3-4B6F-A608-A54D6DD1ACE8}
	EndProjectSection
EndProject
Project("{8BC9CEB8-8B4A-11D0-8D11-00A0C91BC942}") = "AddinExcelDynamic", "Addins\Excel\AddinExcelDynamic.vcproj", "{FCD0EFC7-D6E7-436D-8D1B-56DE07CE4F10}"
	ProjectSection(ProjectDependencies) = postProject
		{0F558933-31D3-4B6F-A608-A54D6DD1ACE8} = {0F558933-31D3-4B6F-A608-A54D6DD1ACE8}
	EndProjectSection
EndProject
Project("{8BC9CEB8-8B4A-11D0-8D11-00A0C91BC942}") = "AddinExcelStatic", "Addins\Excel\AddinExcelStatic.vcproj", "{15C69194-71D5-47F7-BEA8-D117BD95DBDB}"
	ProjectSection(ProjectDependencies) = postProject
		{0F558933-31D3-4B6F-A608-A54D6DD1ACE8} = {0F558933-31D3-4B6F-A608-A54D6DD1ACE8}
	EndProjectSection
EndProject
Project("{8BC9CEB8-8B4A-11D0-8D11-00A0C91BC942}") = "ClientCDemo", "Clients\C\ClientCDemo.vcproj", "{F0DDE392-52D8-4CF2-8F9D-9F986FDDD18F}"
	ProjectSection(ProjectDependencies) = postProject
		{B6325C7E-E94D-4CDB-A251-8731FE05E3FA} = {B6325C7E-E94D-4CDB-A251-8731FE05E3FA}
	EndProjectSection
EndProject
Project("{8BC9CEB8-8B4A-11D0-8D11-00A0C91BC942}") = "ClientCppCapFloors", "Clients\C++\ClientCppCapFloors.vcproj", "{01E4D2BD-8286-45BE-A658-110D40989A0B}"
	ProjectSection(ProjectDependencies) = postProject
		{0F558933-31D3-4B6F-A608-A54D6DD1ACE8} = {0F558933-31D3-4B6F-A608-A54D6DD1ACE8}
	EndProjectSection
EndProject
Project("{8BC9CEB8-8B4A-11D0-8D11-00A0C91BC942}") = "ClientCppDemo", "Clients\C++\ClientCppDemo.vcproj", "{FA880C40-B149-4272-A648-6606B4369FF0}"
	ProjectSection(ProjectDependencies) = postProject
		{0F558933-31D3-4B6F-A608-A54D6DD1ACE8} = {0F558933-31D3-4B6F-A608-A54D6DD1ACE8}
	EndProjectSection
EndProject
Project("{8BC9CEB8-8B4A-11D0-8D11-00A0C91BC942}") = "ClientCppInstruments", "Clients\C++\ClientCppInstruments.vcproj", "{8F907EA0-7860-41CC-ADC4-7C285276D022}"
	ProjectSection(ProjectDependencies) = postProject
		{0F558933-31D3-4B6F-A608-A54D6DD1ACE8} = {0F558933-31D3-4B6F-A608-A54D6DD1ACE8}
	EndProjectSection
EndProject
Project("{8BC9CEB8-8B4A-11D0-8D11-00A0C91BC942}") = "ClientCppOptions", "Clients\C++\ClientCppOptions.vcproj", "{2EE83A8F-3029-4B8A-AD84-3EA9A507C231}"
	ProjectSection(ProjectDependencies) = postProject
		{0F558933-31D3-4B6F-A608-A54D6DD1ACE8} = {0F558933-31D3-4B6F-A608-A54D6DD1ACE8}
	EndProjectSection
EndProject
Project("{8BC9CEB8-8B4A-11D0-8D11-00A0C91BC942}") = "QuantLibAddin", "QuantLibAddin.vcproj", "{0F558933-31D3-4B6F-A608-A54D6DD1ACE8}"
	ProjectSection(ProjectDependencies) = postProject
		{3182CD1F-8F5F-4905-AC9A-788B8009D216} = {3182CD1F-8F5F-4905-AC9A-788B8009D216}
	EndProjectSection
EndProject
Project("{8BC9CEB8-8B4A-11D0-8D11-00A0C91BC942}") = "srcgen", "srcgen\srcgen.vcproj", "{3182CD1F-8F5F-4905-AC9A-788B8009D216}"
	ProjectSection(ProjectDependencies) = postProject
	EndProjectSection
EndProject
Global
	GlobalSection(SolutionConfiguration) = preSolution
		All = All
		Debug MTDLL = Debug MTDLL
		Release MTDLL = Release MTDLL
	EndGlobalSection
	GlobalSection(ProjectConfiguration) = postSolution
		{B6325C7E-E94D-4CDB-A251-8731FE05E3FA}.All.ActiveCfg = Release MTDLL|Win32
		{B6325C7E-E94D-4CDB-A251-8731FE05E3FA}.All.Build.0 = Release MTDLL|Win32
		{B6325C7E-E94D-4CDB-A251-8731FE05E3FA}.Debug MTDLL.ActiveCfg = Debug MTDLL|Win32
		{B6325C7E-E94D-4CDB-A251-8731FE05E3FA}.Debug MTDLL.Build.0 = Debug MTDLL|Win32
		{B6325C7E-E94D-4CDB-A251-8731FE05E3FA}.Release MTDLL.ActiveCfg = Release MTDLL|Win32
		{B6325C7E-E94D-4CDB-A251-8731FE05E3FA}.Release MTDLL.Build.0 = Release MTDLL|Win32
		{F22DF0F4-F3D3-4D4D-98D0-B5174906643E}.All.ActiveCfg = Debug MTDLL|Win32
		{F22DF0F4-F3D3-4D4D-98D0-B5174906643E}.All.Build.0 = Debug MTDLL|Win32
		{F22DF0F4-F3D3-4D4D-98D0-B5174906643E}.Debug MTDLL.ActiveCfg = Debug MTDLL|Win32
		{F22DF0F4-F3D3-4D4D-98D0-B5174906643E}.Release MTDLL.ActiveCfg = Debug MTDLL|Win32
		{FCD0EFC7-D6E7-436D-8D1B-56DE07CE4F10}.All.ActiveCfg = Release MTDLL|Win32
		{FCD0EFC7-D6E7-436D-8D1B-56DE07CE4F10}.All.Build.0 = Release MTDLL|Win32
		{FCD0EFC7-D6E7-436D-8D1B-56DE07CE4F10}.Debug MTDLL.ActiveCfg = Debug MTDLL|Win32
		{FCD0EFC7-D6E7-436D-8D1B-56DE07CE4F10}.Debug MTDLL.Build.0 = Debug MTDLL|Win32
		{FCD0EFC7-D6E7-436D-8D1B-56DE07CE4F10}.Release MTDLL.ActiveCfg = Release MTDLL|Win32
		{FCD0EFC7-D6E7-436D-8D1B-56DE07CE4F10}.Release MTDLL.Build.0 = Release MTDLL|Win32
		{15C69194-71D5-47F7-BEA8-D117BD95DBDB}.All.ActiveCfg = Release MTDLL|Win32
		{15C69194-71D5-47F7-BEA8-D117BD95DBDB}.All.Build.0 = Release MTDLL|Win32
		{15C69194-71D5-47F7-BEA8-D117BD95DBDB}.Debug MTDLL.ActiveCfg = Debug MTDLL|Win32
		{15C69194-71D5-47F7-BEA8-D117BD95DBDB}.Debug MTDLL.Build.0 = Debug MTDLL|Win32
		{15C69194-71D5-47F7-BEA8-D117BD95DBDB}.Release MTDLL.ActiveCfg = Release MTDLL|Win32
		{15C69194-71D5-47F7-BEA8-D117BD95DBDB}.Release MTDLL.Build.0 = Release MTDLL|Win32
		{F0DDE392-52D8-4CF2-8F9D-9F986FDDD18F}.All.ActiveCfg = Debug MTDLL|Win32
		{F0DDE392-52D8-4CF2-8F9D-9F986FDDD18F}.All.Build.0 = Debug MTDLL|Win32
		{F0DDE392-52D8-4CF2-8F9D-9F986FDDD18F}.Debug MTDLL.ActiveCfg = Debug MTDLL|Win32
		{F0DDE392-52D8-4CF2-8F9D-9F986FDDD18F}.Debug MTDLL.Build.0 = Debug MTDLL|Win32
		{F0DDE392-52D8-4CF2-8F9D-9F986FDDD18F}.Release MTDLL.ActiveCfg = Release MTDLL|Win32
		{F0DDE392-52D8-4CF2-8F9D-9F986FDDD18F}.Release MTDLL.Build.0 = Release MTDLL|Win32
		{01E4D2BD-8286-45BE-A658-110D40989A0B}.All.ActiveCfg = Debug MTDLL|Win32
		{01E4D2BD-8286-45BE-A658-110D40989A0B}.All.Build.0 = Debug MTDLL|Win32
		{01E4D2BD-8286-45BE-A658-110D40989A0B}.Debug MTDLL.ActiveCfg = Debug MTDLL|Win32
		{01E4D2BD-8286-45BE-A658-110D40989A0B}.Debug MTDLL.Build.0 = Debug MTDLL|Win32
		{01E4D2BD-8286-45BE-A658-110D40989A0B}.Release MTDLL.ActiveCfg = Release MTDLL|Win32
		{01E4D2BD-8286-45BE-A658-110D40989A0B}.Release MTDLL.Build.0 = Release MTDLL|Win32
		{FA880C40-B149-4272-A648-6606B4369FF0}.All.ActiveCfg = Release MTDLL|Win32
		{FA880C40-B149-4272-A648-6606B4369FF0}.All.Build.0 = Release MTDLL|Win32
		{FA880C40-B149-4272-A648-6606B4369FF0}.Debug MTDLL.ActiveCfg = Debug MTDLL|Win32
		{FA880C40-B149-4272-A648-6606B4369FF0}.Debug MTDLL.Build.0 = Debug MTDLL|Win32
		{FA880C40-B149-4272-A648-6606B4369FF0}.Release MTDLL.ActiveCfg = Release MTDLL|Win32
		{FA880C40-B149-4272-A648-6606B4369FF0}.Release MTDLL.Build.0 = Release MTDLL|Win32
		{8F907EA0-7860-41CC-ADC4-7C285276D022}.All.ActiveCfg = Debug MTDLL|Win32
		{8F907EA0-7860-41CC-ADC4-7C285276D022}.All.Build.0 = Debug MTDLL|Win32
		{8F907EA0-7860-41CC-ADC4-7C285276D022}.Debug MTDLL.ActiveCfg = Debug MTDLL|Win32
		{8F907EA0-7860-41CC-ADC4-7C285276D022}.Debug MTDLL.Build.0 = Debug MTDLL|Win32
		{8F907EA0-7860-41CC-ADC4-7C285276D022}.Release MTDLL.ActiveCfg = Release MTDLL|Win32
		{8F907EA0-7860-41CC-ADC4-7C285276D022}.Release MTDLL.Build.0 = Release MTDLL|Win32
		{2EE83A8F-3029-4B8A-AD84-3EA9A507C231}.All.ActiveCfg = Debug MTDLL|Win32
		{2EE83A8F-3029-4B8A-AD84-3EA9A507C231}.All.Build.0 = Debug MTDLL|Win32
		{2EE83A8F-3029-4B8A-AD84-3EA9A507C231}.Debug MTDLL.ActiveCfg = Debug MTDLL|Win32
		{2EE83A8F-3029-4B8A-AD84-3EA9A507C231}.Debug MTDLL.Build.0 = Debug MTDLL|Win32
		{2EE83A8F-3029-4B8A-AD84-3EA9A507C231}.Release MTDLL.ActiveCfg = Release MTDLL|Win32
		{2EE83A8F-3029-4B8A-AD84-3EA9A507C231}.Release MTDLL.Build.0 = Release MTDLL|Win32
		{0F558933-31D3-4B6F-A608-A54D6DD1ACE8}.All.ActiveCfg = Debug MTDLL|Win32
		{0F558933-31D3-4B6F-A608-A54D6DD1ACE8}.All.Build.0 = Debug MTDLL|Win32
		{0F558933-31D3-4B6F-A608-A54D6DD1ACE8}.Debug MTDLL.ActiveCfg = Debug MTDLL|Win32
		{0F558933-31D3-4B6F-A608-A54D6DD1ACE8}.Debug MTDLL.Build.0 = Debug MTDLL|Win32
		{0F558933-31D3-4B6F-A608-A54D6DD1ACE8}.Release MTDLL.ActiveCfg = Release MTDLL|Win32
		{0F558933-31D3-4B6F-A608-A54D6DD1ACE8}.Release MTDLL.Build.0 = Release MTDLL|Win32
		{3182CD1F-8F5F-4905-AC9A-788B8009D216}.All.ActiveCfg = All|Win32
		{3182CD1F-8F5F-4905-AC9A-788B8009D216}.All.Build.0 = All|Win32
		{3182CD1F-8F5F-4905-AC9A-788B8009D216}.Debug MTDLL.ActiveCfg = All|Win32
		{3182CD1F-8F5F-4905-AC9A-788B8009D216}.Debug MTDLL.Build.0 = All|Win32
		{3182CD1F-8F5F-4905-AC9A-788B8009D216}.Release MTDLL.ActiveCfg = All|Win32
		{3182CD1F-8F5F-4905-AC9A-788B8009D216}.Release MTDLL.Build.0 = All|Win32
	EndGlobalSection
	GlobalSection(ExtensibilityGlobals) = postSolution
	EndGlobalSection
	GlobalSection(ExtensibilityAddIns) = postSolution
	EndGlobalSection
EndGlobal
