Microsoft Visual Studio Solution File, Format Version 10.00
# Visual Studio 2008
Project("{FAE04EC0-301F-11D3-BF4B-00C04F79EFBC}") = "NQuantLib", "csharp\NQuantLib_vc9.csproj", "{928F98EE-7D50-457F-9304-A6818DCF1079}"
EndProject
Project("{FAE04EC0-301F-11D3-BF4B-00C04F79EFBC}") = "BermudanSwaption", "examples\BermudanSwaption_vc9.csproj", "{1BEC49E8-122D-4CC9-9DAC-DD59F551E5E9}"
	ProjectSection(ProjectDependencies) = postProject
		{21183104-9963-4D4F-B7E8-C8A6169FD053} = {21183104-9963-4D4F-B7E8-C8A6169FD053}
	EndProjectSection
EndProject
Project("{8BC9CEB8-8B4A-11D0-8D11-00A0C91BC942}") = "NQuantLibc", "cpp\QuantlibWrapper_vc9.vcproj", "{21183104-9963-4D4F-B7E8-C8A6169FD053}"
EndProject
Project("{FAE04EC0-301F-11D3-BF4B-00C04F79EFBC}") = "EquityOption", "examples\EquityOption_vc9.csproj", "{1FD947F1-D99E-46FB-8890-04E11E8340C2}"
EndProject
Global
	GlobalSection(SolutionConfigurationPlatforms) = preSolution
		Debug|Any CPU = Debug|Any CPU
		Debug|Win32 = Debug|Win32
		Release|Any CPU = Release|Any CPU
		Release|Win32 = Release|Win32
	EndGlobalSection
	GlobalSection(ProjectConfigurationPlatforms) = postSolution
		{928F98EE-7D50-457F-9304-A6818DCF1079}.Debug|Any CPU.ActiveCfg = Debug|Any CPU
		{928F98EE-7D50-457F-9304-A6818DCF1079}.Debug|Any CPU.Build.0 = Debug|Any CPU
		{928F98EE-7D50-457F-9304-A6818DCF1079}.Debug|Win32.ActiveCfg = Debug|Any CPU
		{928F98EE-7D50-457F-9304-A6818DCF1079}.Debug|Win32.Build.0 = Debug|Any CPU
		{928F98EE-7D50-457F-9304-A6818DCF1079}.Release|Any CPU.ActiveCfg = Release|Any CPU
		{928F98EE-7D50-457F-9304-A6818DCF1079}.Release|Any CPU.Build.0 = Release|Any CPU
		{928F98EE-7D50-457F-9304-A6818DCF1079}.Release|Win32.ActiveCfg = Release|Any CPU
		{928F98EE-7D50-457F-9304-A6818DCF1079}.Release|Win32.Build.0 = Release|Any CPU
		{1BEC49E8-122D-4CC9-9DAC-DD59F551E5E9}.Debug|Any CPU.ActiveCfg = Debug|Any CPU
		{1BEC49E8-122D-4CC9-9DAC-DD59F551E5E9}.Debug|Any CPU.Build.0 = Debug|Any CPU
		{1BEC49E8-122D-4CC9-9DAC-DD59F551E5E9}.Debug|Win32.ActiveCfg = Debug|Any CPU
		{1BEC49E8-122D-4CC9-9DAC-DD59F551E5E9}.Debug|Win32.Build.0 = Debug|Any CPU
		{1BEC49E8-122D-4CC9-9DAC-DD59F551E5E9}.Release|Any CPU.ActiveCfg = Release|Any CPU
		{1BEC49E8-122D-4CC9-9DAC-DD59F551E5E9}.Release|Any CPU.Build.0 = Release|Any CPU
		{1BEC49E8-122D-4CC9-9DAC-DD59F551E5E9}.Release|Win32.ActiveCfg = Release|Any CPU
		{1BEC49E8-122D-4CC9-9DAC-DD59F551E5E9}.Release|Win32.Build.0 = Release|Any CPU
		{21183104-9963-4D4F-B7E8-C8A6169FD053}.Debug|Any CPU.ActiveCfg = Debug|Win32
		{21183104-9963-4D4F-B7E8-C8A6169FD053}.Debug|Win32.ActiveCfg = Debug|Win32
		{21183104-9963-4D4F-B7E8-C8A6169FD053}.Debug|Win32.Build.0 = Debug|Win32
		{21183104-9963-4D4F-B7E8-C8A6169FD053}.Release|Any CPU.ActiveCfg = Release|Win32
		{21183104-9963-4D4F-B7E8-C8A6169FD053}.Release|Win32.ActiveCfg = Release|Win32
		{21183104-9963-4D4F-B7E8-C8A6169FD053}.Release|Win32.Build.0 = Release|Win32
		{1FD947F1-D99E-46FB-8890-04E11E8340C2}.Debug|Any CPU.ActiveCfg = Debug|Any CPU
		{1FD947F1-D99E-46FB-8890-04E11E8340C2}.Debug|Any CPU.Build.0 = Debug|Any CPU
		{1FD947F1-D99E-46FB-8890-04E11E8340C2}.Debug|Win32.ActiveCfg = Debug|Any CPU
		{1FD947F1-D99E-46FB-8890-04E11E8340C2}.Debug|Win32.Build.0 = Debug|Any CPU
		{1FD947F1-D99E-46FB-8890-04E11E8340C2}.Release|Any CPU.ActiveCfg = Release|Any CPU
		{1FD947F1-D99E-46FB-8890-04E11E8340C2}.Release|Any CPU.Build.0 = Release|Any CPU
		{1FD947F1-D99E-46FB-8890-04E11E8340C2}.Release|Win32.ActiveCfg = Release|Any CPU
		{1FD947F1-D99E-46FB-8890-04E11E8340C2}.Release|Win32.Build.0 = Release|Any CPU
	EndGlobalSection
	GlobalSection(SolutionProperties) = preSolution
		HideSolutionNode = FALSE
	EndGlobalSection
EndGlobal
